// !$*UTF8*$!
{
	archiveVersion = 1;
	classes = {
	};
	objectVersion = 56;
	objects = {

/* Begin PBXBuildFile section */
		3A1123232B6410EA0021EC56 /* BattutaCountryModel.swift in Sources */ = {isa = PBXBuildFile; fileRef = 3A1123222B6410EA0021EC56 /* BattutaCountryModel.swift */; };
		3A1123252B6410F30021EC56 /* BattutaRegionModel.swift in Sources */ = {isa = PBXBuildFile; fileRef = 3A1123242B6410F30021EC56 /* BattutaRegionModel.swift */; };
		3A1123272B6411020021EC56 /* BattutaCityModel.swift in Sources */ = {isa = PBXBuildFile; fileRef = 3A1123262B6411020021EC56 /* BattutaCityModel.swift */; };
		3A31F49B2B61143800A5F0D3 /* ChuckNorrisTests.swift in Sources */ = {isa = PBXBuildFile; fileRef = 3A31F49A2B61143800A5F0D3 /* ChuckNorrisTests.swift */; };
		3A31F49D2B61151900A5F0D3 /* ChuckNorrisHelpers.swift in Sources */ = {isa = PBXBuildFile; fileRef = 3A31F49C2B61151900A5F0D3 /* ChuckNorrisHelpers.swift */; };
		3A31F49F2B6148DD00A5F0D3 /* testJokes.json in Resources */ = {isa = PBXBuildFile; fileRef = 3A31F49E2B6148DD00A5F0D3 /* testJokes.json */; };
		3A31F4A22B614DAA00A5F0D3 /* DiceBearStoryboard.storyboard in Resources */ = {isa = PBXBuildFile; fileRef = 3A31F4A12B614DAA00A5F0D3 /* DiceBearStoryboard.storyboard */; };
		3A31F4A62B61514B00A5F0D3 /* DiceBearInterface.swift in Sources */ = {isa = PBXBuildFile; fileRef = 3A31F4A52B61514B00A5F0D3 /* DiceBearInterface.swift */; };
		3A31F4A82B61558400A5F0D3 /* DiceBearViewController.swift in Sources */ = {isa = PBXBuildFile; fileRef = 3A31F4A72B61558400A5F0D3 /* DiceBearViewController.swift */; };
		3A31F4AA2B6155E000A5F0D3 /* DiceBearPersistence.swift in Sources */ = {isa = PBXBuildFile; fileRef = 3A31F4A92B6155E000A5F0D3 /* DiceBearPersistence.swift */; };
		3A31F4AC2B615F3B00A5F0D3 /* DiceBearModelLogic.swift in Sources */ = {isa = PBXBuildFile; fileRef = 3A31F4AB2B615F3B00A5F0D3 /* DiceBearModelLogic.swift */; };
		3A31F4AE2B61619600A5F0D3 /* DiceBearViewLogic.swift in Sources */ = {isa = PBXBuildFile; fileRef = 3A31F4AD2B61619600A5F0D3 /* DiceBearViewLogic.swift */; };
		3A31F4B02B616E8200A5F0D3 /* DiceBearModel.swift in Sources */ = {isa = PBXBuildFile; fileRef = 3A31F4AF2B616E8200A5F0D3 /* DiceBearModel.swift */; };
		3A32F4302B629F30006C6FE9 /* DiceBearCollectionViewCell.swift in Sources */ = {isa = PBXBuildFile; fileRef = 3A32F42F2B629F30006C6FE9 /* DiceBearCollectionViewCell.swift */; };
		3A32F4322B62AAE6006C6FE9 /* DiceBearExtensions.swift in Sources */ = {isa = PBXBuildFile; fileRef = 3A32F4312B62AAE6006C6FE9 /* DiceBearExtensions.swift */; };
		3A32F4352B62BA0C006C6FE9 /* APIRestDemoContainer.swift in Sources */ = {isa = PBXBuildFile; fileRef = 3A32F4342B62BA0C006C6FE9 /* APIRestDemoContainer.swift */; };
		3A32F4372B62BB5E006C6FE9 /* DataBaseError.swift in Sources */ = {isa = PBXBuildFile; fileRef = 3A32F4362B62BB5E006C6FE9 /* DataBaseError.swift */; };
		3A32F4392B62BB8C006C6FE9 /* APIRestDemoDataBase.swift in Sources */ = {isa = PBXBuildFile; fileRef = 3A32F4382B62BB8C006C6FE9 /* APIRestDemoDataBase.swift */; };
		3A32F43B2B62BCBF006C6FE9 /* EmojiEntityExtensions.swift in Sources */ = {isa = PBXBuildFile; fileRef = 3A32F43A2B62BCBF006C6FE9 /* EmojiEntityExtensions.swift */; };
		3A32F43F2B62EFB5006C6FE9 /* CountriesStoryboard.storyboard in Resources */ = {isa = PBXBuildFile; fileRef = 3A32F43E2B62EFB5006C6FE9 /* CountriesStoryboard.storyboard */; };
		3A3783B02B5AA71600D2AFCD /* CommunesInterface.swift in Sources */ = {isa = PBXBuildFile; fileRef = 3A3783AF2B5AA71600D2AFCD /* CommunesInterface.swift */; };
		3A3783B22B5AA74100D2AFCD /* CommuneModel.swift in Sources */ = {isa = PBXBuildFile; fileRef = 3A3783B12B5AA74100D2AFCD /* CommuneModel.swift */; };
		3A3783B52B5AA94800D2AFCD /* CommunesPersistence.swift in Sources */ = {isa = PBXBuildFile; fileRef = 3A3783B42B5AA94800D2AFCD /* CommunesPersistence.swift */; };
		3A3783B72B5AAE3300D2AFCD /* CommunesTableViewController.swift in Sources */ = {isa = PBXBuildFile; fileRef = 3A3783B62B5AAE3300D2AFCD /* CommunesTableViewController.swift */; };
		3A3783B92B5AB50F00D2AFCD /* RegionsTableViewController.swift in Sources */ = {isa = PBXBuildFile; fileRef = 3A3783B82B5AB50E00D2AFCD /* RegionsTableViewController.swift */; };
		3A3783BB2B5AB51D00D2AFCD /* DepartementsTableViewController.swift in Sources */ = {isa = PBXBuildFile; fileRef = 3A3783BA2B5AB51D00D2AFCD /* DepartementsTableViewController.swift */; };
		3A56D8422B64270D00A948BD /* CountryInfoModel.swift in Sources */ = {isa = PBXBuildFile; fileRef = 3A56D8412B64270D00A948BD /* CountryInfoModel.swift */; };
		3A56D8442B64349500A948BD /* CountriesInterface.swift in Sources */ = {isa = PBXBuildFile; fileRef = 3A56D8432B64349500A948BD /* CountriesInterface.swift */; };
		3A56D8462B64413F00A948BD /* CountriesNetwork.swift in Sources */ = {isa = PBXBuildFile; fileRef = 3A56D8452B64413F00A948BD /* CountriesNetwork.swift */; };
		3A56D8482B6441CA00A948BD /* Statics.swift in Sources */ = {isa = PBXBuildFile; fileRef = 3A56D8472B6441CA00A948BD /* Statics.swift */; };
		3A588BC32B5FD88E00F20A0C /* NumbersStoryboard.storyboard in Resources */ = {isa = PBXBuildFile; fileRef = 3A588BC12B5FD88E00F20A0C /* NumbersStoryboard.storyboard */; };
		3A65BFDE2B583CBE0095794A /* AppDelegate.swift in Sources */ = {isa = PBXBuildFile; fileRef = 3A65BFDD2B583CBE0095794A /* AppDelegate.swift */; };
		3A65BFE02B583CBE0095794A /* SceneDelegate.swift in Sources */ = {isa = PBXBuildFile; fileRef = 3A65BFDF2B583CBE0095794A /* SceneDelegate.swift */; };
		3A65BFE22B583CBE0095794A /* ViewController.swift in Sources */ = {isa = PBXBuildFile; fileRef = 3A65BFE12B583CBE0095794A /* ViewController.swift */; };
		3A65BFE52B583CBE0095794A /* Main.storyboard in Resources */ = {isa = PBXBuildFile; fileRef = 3A65BFE32B583CBE0095794A /* Main.storyboard */; };
		3A65BFE82B583CBE0095794A /* APIRestDemoDataModel.xcdatamodeld in Sources */ = {isa = PBXBuildFile; fileRef = 3A65BFE62B583CBE0095794A /* APIRestDemoDataModel.xcdatamodeld */; };
		3A65BFEA2B583CCC0095794A /* Assets.xcassets in Resources */ = {isa = PBXBuildFile; fileRef = 3A65BFE92B583CCC0095794A /* Assets.xcassets */; };
		3A65BFED2B583CCC0095794A /* LaunchScreen.storyboard in Resources */ = {isa = PBXBuildFile; fileRef = 3A65BFEB2B583CCC0095794A /* LaunchScreen.storyboard */; };
		3A65BFF62B58620D0095794A /* NumbersAPIViewController.swift in Sources */ = {isa = PBXBuildFile; fileRef = 3A65BFF52B58620D0095794A /* NumbersAPIViewController.swift */; };
		3A65BFF92B5864860095794A /* NumbersInterface.swift in Sources */ = {isa = PBXBuildFile; fileRef = 3A65BFF82B5864860095794A /* NumbersInterface.swift */; };
		3A65BFFC2B5864EA0095794A /* NumberModel.swift in Sources */ = {isa = PBXBuildFile; fileRef = 3A65BFFB2B5864EA0095794A /* NumberModel.swift */; };
		3A65BFFE2B5869DB0095794A /* NumbersPersistence.swift in Sources */ = {isa = PBXBuildFile; fileRef = 3A65BFFD2B5869DB0095794A /* NumbersPersistence.swift */; };
		3A65C0002B586BF10095794A /* NumbersModelLogic.swift in Sources */ = {isa = PBXBuildFile; fileRef = 3A65BFFF2B586BF10095794A /* NumbersModelLogic.swift */; };
		3A660DC32B5AE3F400E1BC69 /* PersistenceError.swift in Sources */ = {isa = PBXBuildFile; fileRef = 3A660DC22B5AE3F400E1BC69 /* PersistenceError.swift */; };
		3A660DC52B5AE76000E1BC69 /* CommunesModeLogic.swift in Sources */ = {isa = PBXBuildFile; fileRef = 3A660DC42B5AE76000E1BC69 /* CommunesModeLogic.swift */; };
		3A851C002B5ED4F6005758FA /* Helpers.swift in Sources */ = {isa = PBXBuildFile; fileRef = 3A851BFF2B5ED4F6005758FA /* Helpers.swift */; };
		3A851C082B5EEF9E005758FA /* APIRestDemoTests.swift in Sources */ = {isa = PBXBuildFile; fileRef = 3A851C072B5EEF9E005758FA /* APIRestDemoTests.swift */; };
		3A851C102B5EEFB6005758FA /* CommunesUnitTests.swift in Sources */ = {isa = PBXBuildFile; fileRef = 3A851C0F2B5EEFB6005758FA /* CommunesUnitTests.swift */; };
		3A851C122B5EF04B005758FA /* CommunesTestsHelpers.swift in Sources */ = {isa = PBXBuildFile; fileRef = 3A851C112B5EF04B005758FA /* CommunesTestsHelpers.swift */; };
		3A8DB3422B5FF95900E7BDA3 /* CommunesStoryboard.storyboard in Resources */ = {isa = PBXBuildFile; fileRef = 3A8DB3402B5FF95900E7BDA3 /* CommunesStoryboard.storyboard */; };
		3A8DB3442B60099600E7BDA3 /* ChuckNorrisStoryboard.storyboard in Resources */ = {isa = PBXBuildFile; fileRef = 3A8DB3432B60099600E7BDA3 /* ChuckNorrisStoryboard.storyboard */; };
		3A8DB3462B600BCB00E7BDA3 /* ChuckNorrisViewController.swift in Sources */ = {isa = PBXBuildFile; fileRef = 3A8DB3452B600BCB00E7BDA3 /* ChuckNorrisViewController.swift */; };
		3A8DB3482B600BFC00E7BDA3 /* ChuckNorrisInterface.swift in Sources */ = {isa = PBXBuildFile; fileRef = 3A8DB3472B600BFC00E7BDA3 /* ChuckNorrisInterface.swift */; };
		3A8DB34A2B600CEC00E7BDA3 /* ChuckNorrisPersistence.swift in Sources */ = {isa = PBXBuildFile; fileRef = 3A8DB3492B600CEC00E7BDA3 /* ChuckNorrisPersistence.swift */; };
		3A8DB34C2B600D0100E7BDA3 /* ChuckNorrisModel.swift in Sources */ = {isa = PBXBuildFile; fileRef = 3A8DB34B2B600D0100E7BDA3 /* ChuckNorrisModel.swift */; };
		3A8DB34E2B60177500E7BDA3 /* ChuckNorrisModelLogic.swift in Sources */ = {isa = PBXBuildFile; fileRef = 3A8DB34D2B60177500E7BDA3 /* ChuckNorrisModelLogic.swift */; };
		3AAC265E2B60201E007EED64 /* Extensions.swift in Sources */ = {isa = PBXBuildFile; fileRef = 3AAC265D2B60201E007EED64 /* Extensions.swift */; };
		3AFB519F2B693A5F00B42C4E /* CountriesViewController.swift in Sources */ = {isa = PBXBuildFile; fileRef = 3AFB519E2B693A5F00B42C4E /* CountriesViewController.swift */; };
		3AFB51A12B693CFD00B42C4E /* CountryModelLogic.swift in Sources */ = {isa = PBXBuildFile; fileRef = 3AFB51A02B693CFD00B42C4E /* CountryModelLogic.swift */; };
/* End PBXBuildFile section */

/* Begin PBXContainerItemProxy section */
		3A851C092B5EEF9E005758FA /* PBXContainerItemProxy */ = {
			isa = PBXContainerItemProxy;
			containerPortal = 3A65BFD22B583CBE0095794A /* Project object */;
			proxyType = 1;
			remoteGlobalIDString = 3A65BFD92B583CBE0095794A;
			remoteInfo = APIRestDemo;
		};
/* End PBXContainerItemProxy section */

/* Begin PBXFileReference section */
		3A1123222B6410EA0021EC56 /* BattutaCountryModel.swift */ = {isa = PBXFileReference; lastKnownFileType = sourcecode.swift; path = BattutaCountryModel.swift; sourceTree = "<group>"; };
		3A1123242B6410F30021EC56 /* BattutaRegionModel.swift */ = {isa = PBXFileReference; lastKnownFileType = sourcecode.swift; path = BattutaRegionModel.swift; sourceTree = "<group>"; };
		3A1123262B6411020021EC56 /* BattutaCityModel.swift */ = {isa = PBXFileReference; lastKnownFileType = sourcecode.swift; path = BattutaCityModel.swift; sourceTree = "<group>"; };
		3A31F49A2B61143800A5F0D3 /* ChuckNorrisTests.swift */ = {isa = PBXFileReference; lastKnownFileType = sourcecode.swift; path = ChuckNorrisTests.swift; sourceTree = "<group>"; };
		3A31F49C2B61151900A5F0D3 /* ChuckNorrisHelpers.swift */ = {isa = PBXFileReference; lastKnownFileType = sourcecode.swift; path = ChuckNorrisHelpers.swift; sourceTree = "<group>"; };
		3A31F49E2B6148DD00A5F0D3 /* testJokes.json */ = {isa = PBXFileReference; lastKnownFileType = text.json; path = testJokes.json; sourceTree = "<group>"; };
		3A31F4A12B614DAA00A5F0D3 /* DiceBearStoryboard.storyboard */ = {isa = PBXFileReference; lastKnownFileType = file.storyboard; path = DiceBearStoryboard.storyboard; sourceTree = "<group>"; };
		3A31F4A52B61514B00A5F0D3 /* DiceBearInterface.swift */ = {isa = PBXFileReference; lastKnownFileType = sourcecode.swift; path = DiceBearInterface.swift; sourceTree = "<group>"; };
		3A31F4A72B61558400A5F0D3 /* DiceBearViewController.swift */ = {isa = PBXFileReference; lastKnownFileType = sourcecode.swift; path = DiceBearViewController.swift; sourceTree = "<group>"; };
		3A31F4A92B6155E000A5F0D3 /* DiceBearPersistence.swift */ = {isa = PBXFileReference; lastKnownFileType = sourcecode.swift; path = DiceBearPersistence.swift; sourceTree = "<group>"; };
		3A31F4AB2B615F3B00A5F0D3 /* DiceBearModelLogic.swift */ = {isa = PBXFileReference; lastKnownFileType = sourcecode.swift; path = DiceBearModelLogic.swift; sourceTree = "<group>"; };
		3A31F4AD2B61619600A5F0D3 /* DiceBearViewLogic.swift */ = {isa = PBXFileReference; lastKnownFileType = sourcecode.swift; path = DiceBearViewLogic.swift; sourceTree = "<group>"; };
		3A31F4AF2B616E8200A5F0D3 /* DiceBearModel.swift */ = {isa = PBXFileReference; lastKnownFileType = sourcecode.swift; path = DiceBearModel.swift; sourceTree = "<group>"; };
		3A32F42F2B629F30006C6FE9 /* DiceBearCollectionViewCell.swift */ = {isa = PBXFileReference; lastKnownFileType = sourcecode.swift; path = DiceBearCollectionViewCell.swift; sourceTree = "<group>"; };
		3A32F4312B62AAE6006C6FE9 /* DiceBearExtensions.swift */ = {isa = PBXFileReference; lastKnownFileType = sourcecode.swift; path = DiceBearExtensions.swift; sourceTree = "<group>"; };
		3A32F4342B62BA0C006C6FE9 /* APIRestDemoContainer.swift */ = {isa = PBXFileReference; lastKnownFileType = sourcecode.swift; path = APIRestDemoContainer.swift; sourceTree = "<group>"; };
		3A32F4362B62BB5E006C6FE9 /* DataBaseError.swift */ = {isa = PBXFileReference; lastKnownFileType = sourcecode.swift; path = DataBaseError.swift; sourceTree = "<group>"; };
		3A32F4382B62BB8C006C6FE9 /* APIRestDemoDataBase.swift */ = {isa = PBXFileReference; lastKnownFileType = sourcecode.swift; path = APIRestDemoDataBase.swift; sourceTree = "<group>"; };
		3A32F43A2B62BCBF006C6FE9 /* EmojiEntityExtensions.swift */ = {isa = PBXFileReference; lastKnownFileType = sourcecode.swift; path = EmojiEntityExtensions.swift; sourceTree = "<group>"; };
		3A32F43E2B62EFB5006C6FE9 /* CountriesStoryboard.storyboard */ = {isa = PBXFileReference; lastKnownFileType = file.storyboard; path = CountriesStoryboard.storyboard; sourceTree = "<group>"; };
		3A3783AF2B5AA71600D2AFCD /* CommunesInterface.swift */ = {isa = PBXFileReference; lastKnownFileType = sourcecode.swift; path = CommunesInterface.swift; sourceTree = "<group>"; };
		3A3783B12B5AA74100D2AFCD /* CommuneModel.swift */ = {isa = PBXFileReference; lastKnownFileType = sourcecode.swift; path = CommuneModel.swift; sourceTree = "<group>"; };
		3A3783B32B5AA8D100D2AFCD /* MyPlayground.playground */ = {isa = PBXFileReference; lastKnownFileType = file.playground; path = MyPlayground.playground; sourceTree = "<group>"; xcLanguageSpecificationIdentifier = xcode.lang.swift; };
		3A3783B42B5AA94800D2AFCD /* CommunesPersistence.swift */ = {isa = PBXFileReference; lastKnownFileType = sourcecode.swift; path = CommunesPersistence.swift; sourceTree = "<group>"; };
		3A3783B62B5AAE3300D2AFCD /* CommunesTableViewController.swift */ = {isa = PBXFileReference; lastKnownFileType = sourcecode.swift; path = CommunesTableViewController.swift; sourceTree = "<group>"; };
		3A3783B82B5AB50E00D2AFCD /* RegionsTableViewController.swift */ = {isa = PBXFileReference; lastKnownFileType = sourcecode.swift; path = RegionsTableViewController.swift; sourceTree = "<group>"; };
		3A3783BA2B5AB51D00D2AFCD /* DepartementsTableViewController.swift */ = {isa = PBXFileReference; lastKnownFileType = sourcecode.swift; path = DepartementsTableViewController.swift; sourceTree = "<group>"; };
		3A56D8412B64270D00A948BD /* CountryInfoModel.swift */ = {isa = PBXFileReference; lastKnownFileType = sourcecode.swift; path = CountryInfoModel.swift; sourceTree = "<group>"; };
		3A56D8432B64349500A948BD /* CountriesInterface.swift */ = {isa = PBXFileReference; lastKnownFileType = sourcecode.swift; path = CountriesInterface.swift; sourceTree = "<group>"; };
		3A56D8452B64413F00A948BD /* CountriesNetwork.swift */ = {isa = PBXFileReference; lastKnownFileType = sourcecode.swift; path = CountriesNetwork.swift; sourceTree = "<group>"; };
		3A56D8472B6441CA00A948BD /* Statics.swift */ = {isa = PBXFileReference; lastKnownFileType = sourcecode.swift; path = Statics.swift; sourceTree = "<group>"; };
		3A588BC22B5FD88E00F20A0C /* Base */ = {isa = PBXFileReference; lastKnownFileType = file.storyboard; name = Base; path = APIRestDemo/Base.lproj/NumbersStoryboard.storyboard; sourceTree = "<group>"; };
		3A65BFDA2B583CBE0095794A /* APIRestDemo.app */ = {isa = PBXFileReference; explicitFileType = wrapper.application; includeInIndex = 0; path = APIRestDemo.app; sourceTree = BUILT_PRODUCTS_DIR; };
		3A65BFDD2B583CBE0095794A /* AppDelegate.swift */ = {isa = PBXFileReference; lastKnownFileType = sourcecode.swift; path = AppDelegate.swift; sourceTree = "<group>"; };
		3A65BFDF2B583CBE0095794A /* SceneDelegate.swift */ = {isa = PBXFileReference; lastKnownFileType = sourcecode.swift; path = SceneDelegate.swift; sourceTree = "<group>"; };
		3A65BFE12B583CBE0095794A /* ViewController.swift */ = {isa = PBXFileReference; lastKnownFileType = sourcecode.swift; path = ViewController.swift; sourceTree = "<group>"; };
		3A65BFE42B583CBE0095794A /* Base */ = {isa = PBXFileReference; lastKnownFileType = file.storyboard; name = Base; path = Base.lproj/Main.storyboard; sourceTree = "<group>"; };
		3A65BFE72B583CBE0095794A /* APIRestDemo.xcdatamodel */ = {isa = PBXFileReference; lastKnownFileType = wrapper.xcdatamodel; path = APIRestDemo.xcdatamodel; sourceTree = "<group>"; };
		3A65BFE92B583CCC0095794A /* Assets.xcassets */ = {isa = PBXFileReference; lastKnownFileType = folder.assetcatalog; path = Assets.xcassets; sourceTree = "<group>"; };
		3A65BFEC2B583CCC0095794A /* Base */ = {isa = PBXFileReference; lastKnownFileType = file.storyboard; name = Base; path = Base.lproj/LaunchScreen.storyboard; sourceTree = "<group>"; };
		3A65BFEE2B583CCC0095794A /* Info.plist */ = {isa = PBXFileReference; lastKnownFileType = text.plist.xml; path = Info.plist; sourceTree = "<group>"; };
		3A65BFF52B58620D0095794A /* NumbersAPIViewController.swift */ = {isa = PBXFileReference; lastKnownFileType = sourcecode.swift; path = NumbersAPIViewController.swift; sourceTree = "<group>"; };
		3A65BFF82B5864860095794A /* NumbersInterface.swift */ = {isa = PBXFileReference; lastKnownFileType = sourcecode.swift; path = NumbersInterface.swift; sourceTree = "<group>"; };
		3A65BFFB2B5864EA0095794A /* NumberModel.swift */ = {isa = PBXFileReference; lastKnownFileType = sourcecode.swift; path = NumberModel.swift; sourceTree = "<group>"; };
		3A65BFFD2B5869DB0095794A /* NumbersPersistence.swift */ = {isa = PBXFileReference; lastKnownFileType = sourcecode.swift; path = NumbersPersistence.swift; sourceTree = "<group>"; };
		3A65BFFF2B586BF10095794A /* NumbersModelLogic.swift */ = {isa = PBXFileReference; lastKnownFileType = sourcecode.swift; path = NumbersModelLogic.swift; sourceTree = "<group>"; };
		3A660DC22B5AE3F400E1BC69 /* PersistenceError.swift */ = {isa = PBXFileReference; lastKnownFileType = sourcecode.swift; path = PersistenceError.swift; sourceTree = "<group>"; };
		3A660DC42B5AE76000E1BC69 /* CommunesModeLogic.swift */ = {isa = PBXFileReference; lastKnownFileType = sourcecode.swift; path = CommunesModeLogic.swift; sourceTree = "<group>"; };
		3A851BFF2B5ED4F6005758FA /* Helpers.swift */ = {isa = PBXFileReference; lastKnownFileType = sourcecode.swift; path = Helpers.swift; sourceTree = "<group>"; };
		3A851C052B5EEF9E005758FA /* APIRestDemoTests.xctest */ = {isa = PBXFileReference; explicitFileType = wrapper.cfbundle; includeInIndex = 0; path = APIRestDemoTests.xctest; sourceTree = BUILT_PRODUCTS_DIR; };
		3A851C072B5EEF9E005758FA /* APIRestDemoTests.swift */ = {isa = PBXFileReference; lastKnownFileType = sourcecode.swift; path = APIRestDemoTests.swift; sourceTree = "<group>"; };
		3A851C0F2B5EEFB6005758FA /* CommunesUnitTests.swift */ = {isa = PBXFileReference; lastKnownFileType = sourcecode.swift; path = CommunesUnitTests.swift; sourceTree = "<group>"; };
		3A851C112B5EF04B005758FA /* CommunesTestsHelpers.swift */ = {isa = PBXFileReference; lastKnownFileType = sourcecode.swift; path = CommunesTestsHelpers.swift; sourceTree = "<group>"; };
		3A8DB3412B5FF95900E7BDA3 /* Base */ = {isa = PBXFileReference; lastKnownFileType = file.storyboard; name = Base; path = Base.lproj/CommunesStoryboard.storyboard; sourceTree = "<group>"; };
		3A8DB3432B60099600E7BDA3 /* ChuckNorrisStoryboard.storyboard */ = {isa = PBXFileReference; lastKnownFileType = file.storyboard; path = ChuckNorrisStoryboard.storyboard; sourceTree = "<group>"; };
		3A8DB3452B600BCB00E7BDA3 /* ChuckNorrisViewController.swift */ = {isa = PBXFileReference; lastKnownFileType = sourcecode.swift; path = ChuckNorrisViewController.swift; sourceTree = "<group>"; };
		3A8DB3472B600BFC00E7BDA3 /* ChuckNorrisInterface.swift */ = {isa = PBXFileReference; lastKnownFileType = sourcecode.swift; path = ChuckNorrisInterface.swift; sourceTree = "<group>"; };
		3A8DB3492B600CEC00E7BDA3 /* ChuckNorrisPersistence.swift */ = {isa = PBXFileReference; lastKnownFileType = sourcecode.swift; path = ChuckNorrisPersistence.swift; sourceTree = "<group>"; };
		3A8DB34B2B600D0100E7BDA3 /* ChuckNorrisModel.swift */ = {isa = PBXFileReference; lastKnownFileType = sourcecode.swift; path = ChuckNorrisModel.swift; sourceTree = "<group>"; };
		3A8DB34D2B60177500E7BDA3 /* ChuckNorrisModelLogic.swift */ = {isa = PBXFileReference; lastKnownFileType = sourcecode.swift; path = ChuckNorrisModelLogic.swift; sourceTree = "<group>"; };
		3AAC265D2B60201E007EED64 /* Extensions.swift */ = {isa = PBXFileReference; lastKnownFileType = sourcecode.swift; path = Extensions.swift; sourceTree = "<group>"; };
		3AFB519E2B693A5F00B42C4E /* CountriesViewController.swift */ = {isa = PBXFileReference; lastKnownFileType = sourcecode.swift; path = CountriesViewController.swift; sourceTree = "<group>"; };
		3AFB51A02B693CFD00B42C4E /* CountryModelLogic.swift */ = {isa = PBXFileReference; lastKnownFileType = sourcecode.swift; path = CountryModelLogic.swift; sourceTree = "<group>"; };
/* End PBXFileReference section */

/* Begin PBXFrameworksBuildPhase section */
		3A65BFD72B583CBE0095794A /* Frameworks */ = {
			isa = PBXFrameworksBuildPhase;
			buildActionMask = 2147483647;
			files = (
			);
			runOnlyForDeploymentPostprocessing = 0;
		};
		3A851C022B5EEF9E005758FA /* Frameworks */ = {
			isa = PBXFrameworksBuildPhase;
			buildActionMask = 2147483647;
			files = (
			);
			runOnlyForDeploymentPostprocessing = 0;
		};
/* End PBXFrameworksBuildPhase section */

/* Begin PBXGroup section */
		3A1123212B6410D30021EC56 /* Models */ = {
			isa = PBXGroup;
			children = (
				3A1123222B6410EA0021EC56 /* BattutaCountryModel.swift */,
				3A1123242B6410F30021EC56 /* BattutaRegionModel.swift */,
				3A1123262B6411020021EC56 /* BattutaCityModel.swift */,
				3A56D8412B64270D00A948BD /* CountryInfoModel.swift */,
			);
			name = Models;
			sourceTree = "<group>";
		};
		3A31F4972B61128B00A5F0D3 /* Logic */ = {
			isa = PBXGroup;
			children = (
				3A8DB3472B600BFC00E7BDA3 /* ChuckNorrisInterface.swift */,
				3A8DB3492B600CEC00E7BDA3 /* ChuckNorrisPersistence.swift */,
				3A8DB34B2B600D0100E7BDA3 /* ChuckNorrisModel.swift */,
				3A8DB34D2B60177500E7BDA3 /* ChuckNorrisModelLogic.swift */,
			);
			name = Logic;
			sourceTree = "<group>";
		};
		3A31F4992B61141D00A5F0D3 /* ChuckNorrisTests */ = {
			isa = PBXGroup;
			children = (
				3A31F49A2B61143800A5F0D3 /* ChuckNorrisTests.swift */,
				3A31F49C2B61151900A5F0D3 /* ChuckNorrisHelpers.swift */,
				3A31F49E2B6148DD00A5F0D3 /* testJokes.json */,
			);
			name = ChuckNorrisTests;
			sourceTree = "<group>";
		};
		3A31F4A02B614CA400A5F0D3 /* DiceBear */ = {
			isa = PBXGroup;
			children = (
				3A31F4AF2B616E8200A5F0D3 /* DiceBearModel.swift */,
				3A31F4B22B61A20400A5F0D3 /* Helpers */,
				3A31F4B12B61A1E400A5F0D3 /* Logic */,
				3A31F4A12B614DAA00A5F0D3 /* DiceBearStoryboard.storyboard */,
				3A31F4A72B61558400A5F0D3 /* DiceBearViewController.swift */,
				3A32F42F2B629F30006C6FE9 /* DiceBearCollectionViewCell.swift */,
			);
			name = DiceBear;
			sourceTree = "<group>";
		};
		3A31F4B12B61A1E400A5F0D3 /* Logic */ = {
			isa = PBXGroup;
			children = (
				3A31F4AB2B615F3B00A5F0D3 /* DiceBearModelLogic.swift */,
				3A31F4AD2B61619600A5F0D3 /* DiceBearViewLogic.swift */,
			);
			name = Logic;
			sourceTree = "<group>";
		};
		3A31F4B22B61A20400A5F0D3 /* Helpers */ = {
			isa = PBXGroup;
			children = (
				3A31F4A92B6155E000A5F0D3 /* DiceBearPersistence.swift */,
				3A31F4A52B61514B00A5F0D3 /* DiceBearInterface.swift */,
				3A32F4312B62AAE6006C6FE9 /* DiceBearExtensions.swift */,
				3A32F43A2B62BCBF006C6FE9 /* EmojiEntityExtensions.swift */,
			);
			name = Helpers;
			sourceTree = "<group>";
		};
		3A32F4332B62B9A5006C6FE9 /* CoreData */ = {
			isa = PBXGroup;
			children = (
				3A65BFE62B583CBE0095794A /* APIRestDemoDataModel.xcdatamodeld */,
				3A32F4342B62BA0C006C6FE9 /* APIRestDemoContainer.swift */,
				3A32F4362B62BB5E006C6FE9 /* DataBaseError.swift */,
				3A32F4382B62BB8C006C6FE9 /* APIRestDemoDataBase.swift */,
			);
			name = CoreData;
			sourceTree = "<group>";
		};
		3A32F43C2B62CB4F006C6FE9 /* System */ = {
			isa = PBXGroup;
			children = (
				3A65BFDD2B583CBE0095794A /* AppDelegate.swift */,
				3A65BFDF2B583CBE0095794A /* SceneDelegate.swift */,
				3A65BFE12B583CBE0095794A /* ViewController.swift */,
				3A65BFE32B583CBE0095794A /* Main.storyboard */,
				3A65BFE92B583CCC0095794A /* Assets.xcassets */,
				3A65BFEB2B583CCC0095794A /* LaunchScreen.storyboard */,
				3A65BFEE2B583CCC0095794A /* Info.plist */,
			);
			name = System;
			sourceTree = "<group>";
		};
		3A32F43D2B62E9CF006C6FE9 /* Countries */ = {
			isa = PBXGroup;
			children = (
				3A56D8452B64413F00A948BD /* CountriesNetwork.swift */,
				3A56D8432B64349500A948BD /* CountriesInterface.swift */,
				3AFB51A02B693CFD00B42C4E /* CountryModelLogic.swift */,
				3A1123212B6410D30021EC56 /* Models */,
				3A32F43E2B62EFB5006C6FE9 /* CountriesStoryboard.storyboard */,
				3AFB519E2B693A5F00B42C4E /* CountriesViewController.swift */,
			);
			name = Countries;
			sourceTree = "<group>";
		};
		3A3783AE2B5AA64C00D2AFCD /* Communes */ = {
			isa = PBXGroup;
			children = (
				3A8DB3402B5FF95900E7BDA3 /* CommunesStoryboard.storyboard */,
				3A3783B12B5AA74100D2AFCD /* CommuneModel.swift */,
				3A660DC42B5AE76000E1BC69 /* CommunesModeLogic.swift */,
				3A660DC02B5AE3C000E1BC69 /* ViewController */,
				3A3783AF2B5AA71600D2AFCD /* CommunesInterface.swift */,
				3A3783B42B5AA94800D2AFCD /* CommunesPersistence.swift */,
				3A851BFF2B5ED4F6005758FA /* Helpers.swift */,
			);
			name = Communes;
			sourceTree = "<group>";
		};
		3A65BFD12B583CBE0095794A = {
			isa = PBXGroup;
			children = (
				3A65BFDC2B583CBE0095794A /* APIRestDemo */,
				3A851C062B5EEF9E005758FA /* APIRestDemoTests */,
				3A65BFDB2B583CBE0095794A /* Products */,
			);
			sourceTree = "<group>";
		};
		3A65BFDB2B583CBE0095794A /* Products */ = {
			isa = PBXGroup;
			children = (
				3A65BFDA2B583CBE0095794A /* APIRestDemo.app */,
				3A851C052B5EEF9E005758FA /* APIRestDemoTests.xctest */,
			);
			name = Products;
			sourceTree = "<group>";
		};
		3A65BFDC2B583CBE0095794A /* APIRestDemo */ = {
			isa = PBXGroup;
			children = (
				3A32F43C2B62CB4F006C6FE9 /* System */,
				3A660DC12B5AE3E700E1BC69 /* Commons */,
				3A65BFF42B5861820095794A /* Controllers */,
				3A3783B32B5AA8D100D2AFCD /* MyPlayground.playground */,
			);
			path = APIRestDemo;
			sourceTree = "<group>";
		};
		3A65BFF42B5861820095794A /* Controllers */ = {
			isa = PBXGroup;
			children = (
				3A32F43D2B62E9CF006C6FE9 /* Countries */,
				3A31F4A02B614CA400A5F0D3 /* DiceBear */,
				3A851C132B5EFE7E005758FA /* ChuckNorris */,
				3A3783AE2B5AA64C00D2AFCD /* Communes */,
				3A65BFF72B58646D0095794A /* NumbersAPI */,
			);
			name = Controllers;
			sourceTree = "<group>";
		};
		3A65BFF72B58646D0095794A /* NumbersAPI */ = {
			isa = PBXGroup;
			children = (
				3A588BC12B5FD88E00F20A0C /* NumbersStoryboard.storyboard */,
				3A65BFFA2B5864D50095794A /* Model */,
				3A65BFF52B58620D0095794A /* NumbersAPIViewController.swift */,
				3A65BFF82B5864860095794A /* NumbersInterface.swift */,
			);
			name = NumbersAPI;
			sourceTree = "<group>";
		};
		3A65BFFA2B5864D50095794A /* Model */ = {
			isa = PBXGroup;
			children = (
				3A65BFFB2B5864EA0095794A /* NumberModel.swift */,
				3A65BFFD2B5869DB0095794A /* NumbersPersistence.swift */,
				3A65BFFF2B586BF10095794A /* NumbersModelLogic.swift */,
			);
			name = Model;
			sourceTree = "<group>";
		};
		3A660DC02B5AE3C000E1BC69 /* ViewController */ = {
			isa = PBXGroup;
			children = (
				3A3783B82B5AB50E00D2AFCD /* RegionsTableViewController.swift */,
				3A3783BA2B5AB51D00D2AFCD /* DepartementsTableViewController.swift */,
				3A3783B62B5AAE3300D2AFCD /* CommunesTableViewController.swift */,
			);
			name = ViewController;
			sourceTree = "<group>";
		};
		3A660DC12B5AE3E700E1BC69 /* Commons */ = {
			isa = PBXGroup;
			children = (
				3A32F4332B62B9A5006C6FE9 /* CoreData */,
				3A660DC22B5AE3F400E1BC69 /* PersistenceError.swift */,
				3AAC265D2B60201E007EED64 /* Extensions.swift */,
				3A56D8472B6441CA00A948BD /* Statics.swift */,
			);
			name = Commons;
			sourceTree = "<group>";
		};
		3A851C062B5EEF9E005758FA /* APIRestDemoTests */ = {
			isa = PBXGroup;
			children = (
				3A31F4992B61141D00A5F0D3 /* ChuckNorrisTests */,
				3A851C0E2B5EEFA4005758FA /* Communes */,
				3A851C072B5EEF9E005758FA /* APIRestDemoTests.swift */,
			);
			path = APIRestDemoTests;
			sourceTree = "<group>";
		};
		3A851C0E2B5EEFA4005758FA /* Communes */ = {
			isa = PBXGroup;
			children = (
				3A851C0F2B5EEFB6005758FA /* CommunesUnitTests.swift */,
				3A851C112B5EF04B005758FA /* CommunesTestsHelpers.swift */,
			);
			path = Communes;
			sourceTree = "<group>";
		};
		3A851C132B5EFE7E005758FA /* ChuckNorris */ = {
			isa = PBXGroup;
			children = (
				3A31F4972B61128B00A5F0D3 /* Logic */,
				3A8DB3432B60099600E7BDA3 /* ChuckNorrisStoryboard.storyboard */,
				3A8DB3452B600BCB00E7BDA3 /* ChuckNorrisViewController.swift */,
			);
			name = ChuckNorris;
			sourceTree = "<group>";
		};
/* End PBXGroup section */

/* Begin PBXNativeTarget section */
		3A65BFD92B583CBE0095794A /* APIRestDemo */ = {
			isa = PBXNativeTarget;
			buildConfigurationList = 3A65BFF12B583CCC0095794A /* Build configuration list for PBXNativeTarget "APIRestDemo" */;
			buildPhases = (
				3A65BFD62B583CBE0095794A /* Sources */,
				3A65BFD72B583CBE0095794A /* Frameworks */,
				3A65BFD82B583CBE0095794A /* Resources */,
			);
			buildRules = (
			);
			dependencies = (
			);
			name = APIRestDemo;
			productName = APIRestDemo;
			productReference = 3A65BFDA2B583CBE0095794A /* APIRestDemo.app */;
			productType = "com.apple.product-type.application";
		};
		3A851C042B5EEF9E005758FA /* APIRestDemoTests */ = {
			isa = PBXNativeTarget;
			buildConfigurationList = 3A851C0B2B5EEF9E005758FA /* Build configuration list for PBXNativeTarget "APIRestDemoTests" */;
			buildPhases = (
				3A851C012B5EEF9E005758FA /* Sources */,
				3A851C022B5EEF9E005758FA /* Frameworks */,
				3A851C032B5EEF9E005758FA /* Resources */,
			);
			buildRules = (
			);
			dependencies = (
				3A851C0A2B5EEF9E005758FA /* PBXTargetDependency */,
			);
			name = APIRestDemoTests;
			productName = APIRestDemoTests;
			productReference = 3A851C052B5EEF9E005758FA /* APIRestDemoTests.xctest */;
			productType = "com.apple.product-type.bundle.unit-test";
		};
/* End PBXNativeTarget section */

/* Begin PBXProject section */
		3A65BFD22B583CBE0095794A /* Project object */ = {
			isa = PBXProject;
			attributes = {
				BuildIndependentTargetsInParallel = 1;
				LastSwiftUpdateCheck = 1520;
				LastUpgradeCheck = 1520;
				TargetAttributes = {
					3A65BFD92B583CBE0095794A = {
						CreatedOnToolsVersion = 15.2;
					};
					3A851C042B5EEF9E005758FA = {
						CreatedOnToolsVersion = 15.2;
						TestTargetID = 3A65BFD92B583CBE0095794A;
					};
				};
			};
			buildConfigurationList = 3A65BFD52B583CBE0095794A /* Build configuration list for PBXProject "APIRestDemo" */;
			compatibilityVersion = "Xcode 14.0";
			developmentRegion = en;
			hasScannedForEncodings = 0;
			knownRegions = (
				en,
				Base,
			);
			mainGroup = 3A65BFD12B583CBE0095794A;
			productRefGroup = 3A65BFDB2B583CBE0095794A /* Products */;
			projectDirPath = "";
			projectRoot = "";
			targets = (
				3A65BFD92B583CBE0095794A /* APIRestDemo */,
				3A851C042B5EEF9E005758FA /* APIRestDemoTests */,
			);
		};
/* End PBXProject section */

/* Begin PBXResourcesBuildPhase section */
		3A65BFD82B583CBE0095794A /* Resources */ = {
			isa = PBXResourcesBuildPhase;
			buildActionMask = 2147483647;
			files = (
				3A588BC32B5FD88E00F20A0C /* NumbersStoryboard.storyboard in Resources */,
				3A32F43F2B62EFB5006C6FE9 /* CountriesStoryboard.storyboard in Resources */,
				3A8DB3422B5FF95900E7BDA3 /* CommunesStoryboard.storyboard in Resources */,
				3A65BFED2B583CCC0095794A /* LaunchScreen.storyboard in Resources */,
				3A65BFEA2B583CCC0095794A /* Assets.xcassets in Resources */,
				3A8DB3442B60099600E7BDA3 /* ChuckNorrisStoryboard.storyboard in Resources */,
				3A65BFE52B583CBE0095794A /* Main.storyboard in Resources */,
				3A31F4A22B614DAA00A5F0D3 /* DiceBearStoryboard.storyboard in Resources */,
			);
			runOnlyForDeploymentPostprocessing = 0;
		};
		3A851C032B5EEF9E005758FA /* Resources */ = {
			isa = PBXResourcesBuildPhase;
			buildActionMask = 2147483647;
			files = (
				3A31F49F2B6148DD00A5F0D3 /* testJokes.json in Resources */,
			);
			runOnlyForDeploymentPostprocessing = 0;
		};
/* End PBXResourcesBuildPhase section */

/* Begin PBXSourcesBuildPhase section */
		3A65BFD62B583CBE0095794A /* Sources */ = {
			isa = PBXSourcesBuildPhase;
			buildActionMask = 2147483647;
			files = (
				3A660DC32B5AE3F400E1BC69 /* PersistenceError.swift in Sources */,
				3A56D8442B64349500A948BD /* CountriesInterface.swift in Sources */,
				3A8DB3482B600BFC00E7BDA3 /* ChuckNorrisInterface.swift in Sources */,
				3A65BFFC2B5864EA0095794A /* NumberModel.swift in Sources */,
				3A31F4AA2B6155E000A5F0D3 /* DiceBearPersistence.swift in Sources */,
				3A8DB34A2B600CEC00E7BDA3 /* ChuckNorrisPersistence.swift in Sources */,
				3A65BFF92B5864860095794A /* NumbersInterface.swift in Sources */,
				3A31F4B02B616E8200A5F0D3 /* DiceBearModel.swift in Sources */,
				3A8DB34C2B600D0100E7BDA3 /* ChuckNorrisModel.swift in Sources */,
				3A660DC52B5AE76000E1BC69 /* CommunesModeLogic.swift in Sources */,
				3A31F4AE2B61619600A5F0D3 /* DiceBearViewLogic.swift in Sources */,
				3A56D8422B64270D00A948BD /* CountryInfoModel.swift in Sources */,
				3A31F4A82B61558400A5F0D3 /* DiceBearViewController.swift in Sources */,
				3A32F4392B62BB8C006C6FE9 /* APIRestDemoDataBase.swift in Sources */,
				3A3783B72B5AAE3300D2AFCD /* CommunesTableViewController.swift in Sources */,
				3A3783B02B5AA71600D2AFCD /* CommunesInterface.swift in Sources */,
				3A32F4352B62BA0C006C6FE9 /* APIRestDemoContainer.swift in Sources */,
				3A32F43B2B62BCBF006C6FE9 /* EmojiEntityExtensions.swift in Sources */,
				3A3783BB2B5AB51D00D2AFCD /* DepartementsTableViewController.swift in Sources */,
				3A3783B92B5AB50F00D2AFCD /* RegionsTableViewController.swift in Sources */,
				3A8DB3462B600BCB00E7BDA3 /* ChuckNorrisViewController.swift in Sources */,
				3A31F4A62B61514B00A5F0D3 /* DiceBearInterface.swift in Sources */,
				3A65BFE22B583CBE0095794A /* ViewController.swift in Sources */,
				3A32F4322B62AAE6006C6FE9 /* DiceBearExtensions.swift in Sources */,
				3A65C0002B586BF10095794A /* NumbersModelLogic.swift in Sources */,
				3A65BFE82B583CBE0095794A /* APIRestDemoDataModel.xcdatamodeld in Sources */,
				3A65BFFE2B5869DB0095794A /* NumbersPersistence.swift in Sources */,
				3AFB519F2B693A5F00B42C4E /* CountriesViewController.swift in Sources */,
				3A65BFDE2B583CBE0095794A /* AppDelegate.swift in Sources */,
				3A8DB34E2B60177500E7BDA3 /* ChuckNorrisModelLogic.swift in Sources */,
				3A32F4302B629F30006C6FE9 /* DiceBearCollectionViewCell.swift in Sources */,
				3A851C002B5ED4F6005758FA /* Helpers.swift in Sources */,
				3AAC265E2B60201E007EED64 /* Extensions.swift in Sources */,
				3A3783B52B5AA94800D2AFCD /* CommunesPersistence.swift in Sources */,
				3A56D8462B64413F00A948BD /* CountriesNetwork.swift in Sources */,
				3A65BFF62B58620D0095794A /* NumbersAPIViewController.swift in Sources */,
				3A1123232B6410EA0021EC56 /* BattutaCountryModel.swift in Sources */,
				3A31F4AC2B615F3B00A5F0D3 /* DiceBearModelLogic.swift in Sources */,
				3AFB51A12B693CFD00B42C4E /* CountryModelLogic.swift in Sources */,
				3A32F4372B62BB5E006C6FE9 /* DataBaseError.swift in Sources */,
				3A1123272B6411020021EC56 /* BattutaCityModel.swift in Sources */,
				3A1123252B6410F30021EC56 /* BattutaRegionModel.swift in Sources */,
				3A56D8482B6441CA00A948BD /* Statics.swift in Sources */,
				3A3783B22B5AA74100D2AFCD /* CommuneModel.swift in Sources */,
				3A65BFE02B583CBE0095794A /* SceneDelegate.swift in Sources */,
			);
			runOnlyForDeploymentPostprocessing = 0;
		};
		3A851C012B5EEF9E005758FA /* Sources */ = {
			isa = PBXSourcesBuildPhase;
			buildActionMask = 2147483647;
			files = (
				3A851C102B5EEFB6005758FA /* CommunesUnitTests.swift in Sources */,
				3A851C082B5EEF9E005758FA /* APIRestDemoTests.swift in Sources */,
				3A851C122B5EF04B005758FA /* CommunesTestsHelpers.swift in Sources */,
				3A31F49B2B61143800A5F0D3 /* ChuckNorrisTests.swift in Sources */,
				3A31F49D2B61151900A5F0D3 /* ChuckNorrisHelpers.swift in Sources */,
			);
			runOnlyForDeploymentPostprocessing = 0;
		};
/* End PBXSourcesBuildPhase section */

/* Begin PBXTargetDependency section */
		3A851C0A2B5EEF9E005758FA /* PBXTargetDependency */ = {
			isa = PBXTargetDependency;
			target = 3A65BFD92B583CBE0095794A /* APIRestDemo */;
			targetProxy = 3A851C092B5EEF9E005758FA /* PBXContainerItemProxy */;
		};
/* End PBXTargetDependency section */

/* Begin PBXVariantGroup section */
		3A588BC12B5FD88E00F20A0C /* NumbersStoryboard.storyboard */ = {
			isa = PBXVariantGroup;
			children = (
				3A588BC22B5FD88E00F20A0C /* Base */,
			);
			name = NumbersStoryboard.storyboard;
			sourceTree = "<group>";
		};
		3A65BFE32B583CBE0095794A /* Main.storyboard */ = {
			isa = PBXVariantGroup;
			children = (
				3A65BFE42B583CBE0095794A /* Base */,
			);
			name = Main.storyboard;
			sourceTree = "<group>";
		};
		3A65BFEB2B583CCC0095794A /* LaunchScreen.storyboard */ = {
			isa = PBXVariantGroup;
			children = (
				3A65BFEC2B583CCC0095794A /* Base */,
			);
			name = LaunchScreen.storyboard;
			sourceTree = "<group>";
		};
		3A8DB3402B5FF95900E7BDA3 /* CommunesStoryboard.storyboard */ = {
			isa = PBXVariantGroup;
			children = (
				3A8DB3412B5FF95900E7BDA3 /* Base */,
			);
			name = CommunesStoryboard.storyboard;
			sourceTree = "<group>";
		};
/* End PBXVariantGroup section */

/* Begin XCBuildConfiguration section */
		3A65BFEF2B583CCC0095794A /* Debug */ = {
			isa = XCBuildConfiguration;
			buildSettings = {
				ALWAYS_SEARCH_USER_PATHS = NO;
				ASSETCATALOG_COMPILER_GENERATE_SWIFT_ASSET_SYMBOL_EXTENSIONS = YES;
				CLANG_ANALYZER_NONNULL = YES;
				CLANG_ANALYZER_NUMBER_OBJECT_CONVERSION = YES_AGGRESSIVE;
				CLANG_CXX_LANGUAGE_STANDARD = "gnu++20";
				CLANG_ENABLE_MODULES = YES;
				CLANG_ENABLE_OBJC_ARC = YES;
				CLANG_ENABLE_OBJC_WEAK = YES;
				CLANG_WARN_BLOCK_CAPTURE_AUTORELEASING = YES;
				CLANG_WARN_BOOL_CONVERSION = YES;
				CLANG_WARN_COMMA = YES;
				CLANG_WARN_CONSTANT_CONVERSION = YES;
				CLANG_WARN_DEPRECATED_OBJC_IMPLEMENTATIONS = YES;
				CLANG_WARN_DIRECT_OBJC_ISA_USAGE = YES_ERROR;
				CLANG_WARN_DOCUMENTATION_COMMENTS = YES;
				CLANG_WARN_EMPTY_BODY = YES;
				CLANG_WARN_ENUM_CONVERSION = YES;
				CLANG_WARN_INFINITE_RECURSION = YES;
				CLANG_WARN_INT_CONVERSION = YES;
				CLANG_WARN_NON_LITERAL_NULL_CONVERSION = YES;
				CLANG_WARN_OBJC_IMPLICIT_RETAIN_SELF = YES;
				CLANG_WARN_OBJC_LITERAL_CONVERSION = YES;
				CLANG_WARN_OBJC_ROOT_CLASS = YES_ERROR;
				CLANG_WARN_QUOTED_INCLUDE_IN_FRAMEWORK_HEADER = YES;
				CLANG_WARN_RANGE_LOOP_ANALYSIS = YES;
				CLANG_WARN_STRICT_PROTOTYPES = YES;
				CLANG_WARN_SUSPICIOUS_MOVE = YES;
				CLANG_WARN_UNGUARDED_AVAILABILITY = YES_AGGRESSIVE;
				CLANG_WARN_UNREACHABLE_CODE = YES;
				CLANG_WARN__DUPLICATE_METHOD_MATCH = YES;
				COPY_PHASE_STRIP = NO;
				DEBUG_INFORMATION_FORMAT = dwarf;
				ENABLE_STRICT_OBJC_MSGSEND = YES;
				ENABLE_TESTABILITY = YES;
				ENABLE_USER_SCRIPT_SANDBOXING = YES;
				GCC_C_LANGUAGE_STANDARD = gnu17;
				GCC_DYNAMIC_NO_PIC = NO;
				GCC_NO_COMMON_BLOCKS = YES;
				GCC_OPTIMIZATION_LEVEL = 0;
				GCC_PREPROCESSOR_DEFINITIONS = (
					"DEBUG=1",
					"$(inherited)",
				);
				GCC_WARN_64_TO_32_BIT_CONVERSION = YES;
				GCC_WARN_ABOUT_RETURN_TYPE = YES_ERROR;
				GCC_WARN_UNDECLARED_SELECTOR = YES;
				GCC_WARN_UNINITIALIZED_AUTOS = YES_AGGRESSIVE;
				GCC_WARN_UNUSED_FUNCTION = YES;
				GCC_WARN_UNUSED_VARIABLE = YES;
				IPHONEOS_DEPLOYMENT_TARGET = 17.2;
				LOCALIZATION_PREFERS_STRING_CATALOGS = YES;
				MTL_ENABLE_DEBUG_INFO = INCLUDE_SOURCE;
				MTL_FAST_MATH = YES;
				ONLY_ACTIVE_ARCH = YES;
				SDKROOT = iphoneos;
				SWIFT_ACTIVE_COMPILATION_CONDITIONS = "DEBUG $(inherited)";
				SWIFT_OPTIMIZATION_LEVEL = "-Onone";
			};
			name = Debug;
		};
		3A65BFF02B583CCC0095794A /* Release */ = {
			isa = XCBuildConfiguration;
			buildSettings = {
				ALWAYS_SEARCH_USER_PATHS = NO;
				ASSETCATALOG_COMPILER_GENERATE_SWIFT_ASSET_SYMBOL_EXTENSIONS = YES;
				CLANG_ANALYZER_NONNULL = YES;
				CLANG_ANALYZER_NUMBER_OBJECT_CONVERSION = YES_AGGRESSIVE;
				CLANG_CXX_LANGUAGE_STANDARD = "gnu++20";
				CLANG_ENABLE_MODULES = YES;
				CLANG_ENABLE_OBJC_ARC = YES;
				CLANG_ENABLE_OBJC_WEAK = YES;
				CLANG_WARN_BLOCK_CAPTURE_AUTORELEASING = YES;
				CLANG_WARN_BOOL_CONVERSION = YES;
				CLANG_WARN_COMMA = YES;
				CLANG_WARN_CONSTANT_CONVERSION = YES;
				CLANG_WARN_DEPRECATED_OBJC_IMPLEMENTATIONS = YES;
				CLANG_WARN_DIRECT_OBJC_ISA_USAGE = YES_ERROR;
				CLANG_WARN_DOCUMENTATION_COMMENTS = YES;
				CLANG_WARN_EMPTY_BODY = YES;
				CLANG_WARN_ENUM_CONVERSION = YES;
				CLANG_WARN_INFINITE_RECURSION = YES;
				CLANG_WARN_INT_CONVERSION = YES;
				CLANG_WARN_NON_LITERAL_NULL_CONVERSION = YES;
				CLANG_WARN_OBJC_IMPLICIT_RETAIN_SELF = YES;
				CLANG_WARN_OBJC_LITERAL_CONVERSION = YES;
				CLANG_WARN_OBJC_ROOT_CLASS = YES_ERROR;
				CLANG_WARN_QUOTED_INCLUDE_IN_FRAMEWORK_HEADER = YES;
				CLANG_WARN_RANGE_LOOP_ANALYSIS = YES;
				CLANG_WARN_STRICT_PROTOTYPES = YES;
				CLANG_WARN_SUSPICIOUS_MOVE = YES;
				CLANG_WARN_UNGUARDED_AVAILABILITY = YES_AGGRESSIVE;
				CLANG_WARN_UNREACHABLE_CODE = YES;
				CLANG_WARN__DUPLICATE_METHOD_MATCH = YES;
				COPY_PHASE_STRIP = NO;
				DEBUG_INFORMATION_FORMAT = "dwarf-with-dsym";
				ENABLE_NS_ASSERTIONS = NO;
				ENABLE_STRICT_OBJC_MSGSEND = YES;
				ENABLE_USER_SCRIPT_SANDBOXING = YES;
				GCC_C_LANGUAGE_STANDARD = gnu17;
				GCC_NO_COMMON_BLOCKS = YES;
				GCC_WARN_64_TO_32_BIT_CONVERSION = YES;
				GCC_WARN_ABOUT_RETURN_TYPE = YES_ERROR;
				GCC_WARN_UNDECLARED_SELECTOR = YES;
				GCC_WARN_UNINITIALIZED_AUTOS = YES_AGGRESSIVE;
				GCC_WARN_UNUSED_FUNCTION = YES;
				GCC_WARN_UNUSED_VARIABLE = YES;
				IPHONEOS_DEPLOYMENT_TARGET = 17.2;
				LOCALIZATION_PREFERS_STRING_CATALOGS = YES;
				MTL_ENABLE_DEBUG_INFO = NO;
				MTL_FAST_MATH = YES;
				SDKROOT = iphoneos;
				SWIFT_COMPILATION_MODE = wholemodule;
				VALIDATE_PRODUCT = YES;
			};
			name = Release;
		};
		3A65BFF22B583CCC0095794A /* Debug */ = {
			isa = XCBuildConfiguration;
			buildSettings = {
				ASSETCATALOG_COMPILER_APPICON_NAME = AppIcon;
				ASSETCATALOG_COMPILER_GLOBAL_ACCENT_COLOR_NAME = AccentColor;
				CODE_SIGN_STYLE = Automatic;
				CURRENT_PROJECT_VERSION = 1;
				DEVELOPMENT_TEAM = 6SPUJN2479;
				GENERATE_INFOPLIST_FILE = YES;
				INFOPLIST_FILE = APIRestDemo/Info.plist;
				INFOPLIST_KEY_UIApplicationSupportsIndirectInputEvents = YES;
				INFOPLIST_KEY_UILaunchStoryboardName = LaunchScreen;
				INFOPLIST_KEY_UIMainStoryboardFile = Main;
				INFOPLIST_KEY_UISupportedInterfaceOrientations = UIInterfaceOrientationPortrait;
				LD_RUNPATH_SEARCH_PATHS = (
					"$(inherited)",
					"@executable_path/Frameworks",
				);
				MARKETING_VERSION = 1.0;
				PRODUCT_BUNDLE_IDENTIFIER = dev.adrianiraizos.APIRestDemo;
				PRODUCT_NAME = "$(TARGET_NAME)";
				SUPPORTED_PLATFORMS = "iphoneos iphonesimulator";
				SUPPORTS_MACCATALYST = NO;
				SUPPORTS_MAC_DESIGNED_FOR_IPHONE_IPAD = NO;
				SUPPORTS_XR_DESIGNED_FOR_IPHONE_IPAD = NO;
				SWIFT_EMIT_LOC_STRINGS = YES;
				SWIFT_VERSION = 5.0;
				TARGETED_DEVICE_FAMILY = 1;
			};
			name = Debug;
		};
		3A65BFF32B583CCC0095794A /* Release */ = {
			isa = XCBuildConfiguration;
			buildSettings = {
				ASSETCATALOG_COMPILER_APPICON_NAME = AppIcon;
				ASSETCATALOG_COMPILER_GLOBAL_ACCENT_COLOR_NAME = AccentColor;
				CODE_SIGN_STYLE = Automatic;
				CURRENT_PROJECT_VERSION = 1;
				DEVELOPMENT_TEAM = 6SPUJN2479;
				GENERATE_INFOPLIST_FILE = YES;
				INFOPLIST_FILE = APIRestDemo/Info.plist;
				INFOPLIST_KEY_UIApplicationSupportsIndirectInputEvents = YES;
				INFOPLIST_KEY_UILaunchStoryboardName = LaunchScreen;
				INFOPLIST_KEY_UIMainStoryboardFile = Main;
				INFOPLIST_KEY_UISupportedInterfaceOrientations = UIInterfaceOrientationPortrait;
				LD_RUNPATH_SEARCH_PATHS = (
					"$(inherited)",
					"@executable_path/Frameworks",
				);
				MARKETING_VERSION = 1.0;
				PRODUCT_BUNDLE_IDENTIFIER = dev.adrianiraizos.APIRestDemo;
				PRODUCT_NAME = "$(TARGET_NAME)";
				SUPPORTED_PLATFORMS = "iphoneos iphonesimulator";
				SUPPORTS_MACCATALYST = NO;
				SUPPORTS_MAC_DESIGNED_FOR_IPHONE_IPAD = NO;
				SUPPORTS_XR_DESIGNED_FOR_IPHONE_IPAD = NO;
				SWIFT_EMIT_LOC_STRINGS = YES;
				SWIFT_VERSION = 5.0;
				TARGETED_DEVICE_FAMILY = 1;
			};
			name = Release;
		};
		3A851C0C2B5EEF9E005758FA /* Debug */ = {
			isa = XCBuildConfiguration;
			buildSettings = {
				BUNDLE_LOADER = "$(TEST_HOST)";
				CODE_SIGN_STYLE = Automatic;
				CURRENT_PROJECT_VERSION = 1;
				DEVELOPMENT_TEAM = 6SPUJN2479;
				GENERATE_INFOPLIST_FILE = YES;
				MARKETING_VERSION = 1.0;
				PRODUCT_BUNDLE_IDENTIFIER = dev.adrianiraizos.APIRestDemoTests;
				PRODUCT_NAME = "$(TARGET_NAME)";
				SWIFT_EMIT_LOC_STRINGS = NO;
				SWIFT_VERSION = 5.0;
				TARGETED_DEVICE_FAMILY = "1,2";
				TEST_HOST = "$(BUILT_PRODUCTS_DIR)/APIRestDemo.app/$(BUNDLE_EXECUTABLE_FOLDER_PATH)/APIRestDemo";
			};
			name = Debug;
		};
		3A851C0D2B5EEF9E005758FA /* Release */ = {
			isa = XCBuildConfiguration;
			buildSettings = {
				BUNDLE_LOADER = "$(TEST_HOST)";
				CODE_SIGN_STYLE = Automatic;
				CURRENT_PROJECT_VERSION = 1;
				DEVELOPMENT_TEAM = 6SPUJN2479;
				GENERATE_INFOPLIST_FILE = YES;
				MARKETING_VERSION = 1.0;
				PRODUCT_BUNDLE_IDENTIFIER = dev.adrianiraizos.APIRestDemoTests;
				PRODUCT_NAME = "$(TARGET_NAME)";
				SWIFT_EMIT_LOC_STRINGS = NO;
				SWIFT_VERSION = 5.0;
				TARGETED_DEVICE_FAMILY = "1,2";
				TEST_HOST = "$(BUILT_PRODUCTS_DIR)/APIRestDemo.app/$(BUNDLE_EXECUTABLE_FOLDER_PATH)/APIRestDemo";
			};
			name = Release;
		};
/* End XCBuildConfiguration section */

/* Begin XCConfigurationList section */
		3A65BFD52B583CBE0095794A /* Build configuration list for PBXProject "APIRestDemo" */ = {
			isa = XCConfigurationList;
			buildConfigurations = (
				3A65BFEF2B583CCC0095794A /* Debug */,
				3A65BFF02B583CCC0095794A /* Release */,
			);
			defaultConfigurationIsVisible = 0;
			defaultConfigurationName = Release;
		};
		3A65BFF12B583CCC0095794A /* Build configuration list for PBXNativeTarget "APIRestDemo" */ = {
			isa = XCConfigurationList;
			buildConfigurations = (
				3A65BFF22B583CCC0095794A /* Debug */,
				3A65BFF32B583CCC0095794A /* Release */,
			);
			defaultConfigurationIsVisible = 0;
			defaultConfigurationName = Release;
		};
		3A851C0B2B5EEF9E005758FA /* Build configuration list for PBXNativeTarget "APIRestDemoTests" */ = {
			isa = XCConfigurationList;
			buildConfigurations = (
				3A851C0C2B5EEF9E005758FA /* Debug */,
				3A851C0D2B5EEF9E005758FA /* Release */,
			);
			defaultConfigurationIsVisible = 0;
			defaultConfigurationName = Release;
		};
/* End XCConfigurationList section */

/* Begin XCVersionGroup section */
		3A65BFE62B583CBE0095794A /* APIRestDemoDataModel.xcdatamodeld */ = {
			isa = XCVersionGroup;
			children = (
				3A65BFE72B583CBE0095794A /* APIRestDemo.xcdatamodel */,
			);
			currentVersion = 3A65BFE72B583CBE0095794A /* APIRestDemo.xcdatamodel */;
			path = APIRestDemoDataModel.xcdatamodeld;
			sourceTree = "<group>";
			versionGroupType = wrapper.xcdatamodel;
		};
/* End XCVersionGroup section */
	};
	rootObject = 3A65BFD22B583CBE0095794A /* Project object */;
}
