// !$*UTF8*$!
{
	archiveVersion = 1;
	classes = {
	};
	objectVersion = 56;
	objects = {

/* Begin PBXBuildFile section */
		3A07F7AA2B4DA0650062CC42 /* Helpers.swift in Sources */ = {isa = PBXBuildFile; fileRef = 3A07F7A92B4DA0650062CC42 /* Helpers.swift */; };
		3A07F7AD2B4DB2210062CC42 /* CoreDataContainer.swift in Sources */ = {isa = PBXBuildFile; fileRef = 3A07F7AC2B4DB2210062CC42 /* CoreDataContainer.swift */; };
		3A07F7AF2B4DB2550062CC42 /* UserDefaultsContainer.swift in Sources */ = {isa = PBXBuildFile; fileRef = 3A07F7AE2B4DB2550062CC42 /* UserDefaultsContainer.swift */; };
		3A07F7B12B4DB2680062CC42 /* PersistenceProtocol.swift in Sources */ = {isa = PBXBuildFile; fileRef = 3A07F7B02B4DB2680062CC42 /* PersistenceProtocol.swift */; };
		3A07F7B52B4DB38E0062CC42 /* DogminderDataModel.xcdatamodeld in Sources */ = {isa = PBXBuildFile; fileRef = 3A07F7B32B4DB38E0062CC42 /* DogminderDataModel.xcdatamodeld */; };
		3A07F7BB2B4DB8200062CC42 /* NoteEntityExtensions.swift in Sources */ = {isa = PBXBuildFile; fileRef = 3A07F7BA2B4DB8200062CC42 /* NoteEntityExtensions.swift */; };
		3A08F5F02B4D776400BBD4DD /* NoteInitTests.swift in Sources */ = {isa = PBXBuildFile; fileRef = 3A08F5EF2B4D776400BBD4DD /* NoteInitTests.swift */; };
		3A08F5F72B4D7CF400BBD4DD /* ViewModelTests.swift in Sources */ = {isa = PBXBuildFile; fileRef = 3A08F5F62B4D7CF300BBD4DD /* ViewModelTests.swift */; };
		3A3BB3B02B4C65CC00622FC0 /* DogMinderApp.swift in Sources */ = {isa = PBXBuildFile; fileRef = 3A3BB3AF2B4C65CC00622FC0 /* DogMinderApp.swift */; };
		3A3BB3B22B4C65CC00622FC0 /* ContentView.swift in Sources */ = {isa = PBXBuildFile; fileRef = 3A3BB3B12B4C65CC00622FC0 /* ContentView.swift */; };
		3A3BB3B42B4C65CE00622FC0 /* Assets.xcassets in Resources */ = {isa = PBXBuildFile; fileRef = 3A3BB3B32B4C65CE00622FC0 /* Assets.xcassets */; };
		3A3BB3B72B4C65CE00622FC0 /* Preview Assets.xcassets in Resources */ = {isa = PBXBuildFile; fileRef = 3A3BB3B62B4C65CE00622FC0 /* Preview Assets.xcassets */; };
		3A3BB3BF2B4C661000622FC0 /* Note.swift in Sources */ = {isa = PBXBuildFile; fileRef = 3A3BB3BE2B4C661000622FC0 /* Note.swift */; };
		3A3BB3C22B4C684C00622FC0 /* ViewModel.swift in Sources */ = {isa = PBXBuildFile; fileRef = 3A3BB3C12B4C684C00622FC0 /* ViewModel.swift */; };
		3A3BB3C42B4C805700622FC0 /* NoteDetail.swift in Sources */ = {isa = PBXBuildFile; fileRef = 3A3BB3C32B4C805700622FC0 /* NoteDetail.swift */; };
		3A3BB3C72B4C83C900622FC0 /* Extensions.swift in Sources */ = {isa = PBXBuildFile; fileRef = 3A3BB3C62B4C83C900622FC0 /* Extensions.swift */; };
		3A643C492B4DDDA0003613B6 /* PreviewExtensions.swift in Sources */ = {isa = PBXBuildFile; fileRef = 3A643C482B4DDDA0003613B6 /* PreviewExtensions.swift */; };
		3A643C4B2B4DDE55003613B6 /* ViewModelIntegrationTests.swift in Sources */ = {isa = PBXBuildFile; fileRef = 3A643C4A2B4DDE55003613B6 /* ViewModelIntegrationTests.swift */; };
		3AD372282B4DBF6200B7CCE9 /* CoreDataHelpers.swift in Sources */ = {isa = PBXBuildFile; fileRef = 3AD372272B4DBF6200B7CCE9 /* CoreDataHelpers.swift */; };
		3AD3722A2B4DC12C00B7CCE9 /* DataBaseError.swift in Sources */ = {isa = PBXBuildFile; fileRef = 3AD372292B4DC12C00B7CCE9 /* DataBaseError.swift */; };
		3AD3722C2B4DC62F00B7CCE9 /* NoteDataBase.swift in Sources */ = {isa = PBXBuildFile; fileRef = 3AD3722B2B4DC62F00B7CCE9 /* NoteDataBase.swift */; };
		3AD3722F2B4DCAF000B7CCE9 /* CreateNoteUseCase.swift in Sources */ = {isa = PBXBuildFile; fileRef = 3AD3722E2B4DCAF000B7CCE9 /* CreateNoteUseCase.swift */; };
		3AD372312B4DCCE400B7CCE9 /* FetchAllNotesUseCase.swift in Sources */ = {isa = PBXBuildFile; fileRef = 3AD372302B4DCCE400B7CCE9 /* FetchAllNotesUseCase.swift */; };
/* End PBXBuildFile section */

/* Begin PBXContainerItemProxy section */
		3A08F5F12B4D776400BBD4DD /* PBXContainerItemProxy */ = {
			isa = PBXContainerItemProxy;
			containerPortal = 3A3BB3A42B4C65CC00622FC0 /* Project object */;
			proxyType = 1;
			remoteGlobalIDString = 3A3BB3AB2B4C65CC00622FC0;
			remoteInfo = DogMinder;
		};
/* End PBXContainerItemProxy section */

/* Begin PBXFileReference section */
		3A07F7A92B4DA0650062CC42 /* Helpers.swift */ = {isa = PBXFileReference; lastKnownFileType = sourcecode.swift; path = Helpers.swift; sourceTree = "<group>"; };
		3A07F7AC2B4DB2210062CC42 /* CoreDataContainer.swift */ = {isa = PBXFileReference; lastKnownFileType = sourcecode.swift; path = CoreDataContainer.swift; sourceTree = "<group>"; };
		3A07F7AE2B4DB2550062CC42 /* UserDefaultsContainer.swift */ = {isa = PBXFileReference; lastKnownFileType = sourcecode.swift; path = UserDefaultsContainer.swift; sourceTree = "<group>"; };
		3A07F7B02B4DB2680062CC42 /* PersistenceProtocol.swift */ = {isa = PBXFileReference; lastKnownFileType = sourcecode.swift; path = PersistenceProtocol.swift; sourceTree = "<group>"; };
		3A07F7B42B4DB38E0062CC42 /* DogminderDataModel.xcdatamodel */ = {isa = PBXFileReference; lastKnownFileType = wrapper.xcdatamodel; path = DogminderDataModel.xcdatamodel; sourceTree = "<group>"; };
		3A07F7BA2B4DB8200062CC42 /* NoteEntityExtensions.swift */ = {isa = PBXFileReference; lastKnownFileType = sourcecode.swift; path = NoteEntityExtensions.swift; sourceTree = "<group>"; };
		3A08F5ED2B4D776400BBD4DD /* DogMinderTests.xctest */ = {isa = PBXFileReference; explicitFileType = wrapper.cfbundle; includeInIndex = 0; path = DogMinderTests.xctest; sourceTree = BUILT_PRODUCTS_DIR; };
		3A08F5EF2B4D776400BBD4DD /* NoteInitTests.swift */ = {isa = PBXFileReference; lastKnownFileType = sourcecode.swift; path = NoteInitTests.swift; sourceTree = "<group>"; };
		3A08F5F62B4D7CF300BBD4DD /* ViewModelTests.swift */ = {isa = PBXFileReference; lastKnownFileType = sourcecode.swift; path = ViewModelTests.swift; sourceTree = "<group>"; };
		3A3BB3AC2B4C65CC00622FC0 /* DogMinder.app */ = {isa = PBXFileReference; explicitFileType = wrapper.application; includeInIndex = 0; path = DogMinder.app; sourceTree = BUILT_PRODUCTS_DIR; };
		3A3BB3AF2B4C65CC00622FC0 /* DogMinderApp.swift */ = {isa = PBXFileReference; lastKnownFileType = sourcecode.swift; path = DogMinderApp.swift; sourceTree = "<group>"; };
		3A3BB3B12B4C65CC00622FC0 /* ContentView.swift */ = {isa = PBXFileReference; lastKnownFileType = sourcecode.swift; path = ContentView.swift; sourceTree = "<group>"; };
		3A3BB3B32B4C65CE00622FC0 /* Assets.xcassets */ = {isa = PBXFileReference; lastKnownFileType = folder.assetcatalog; path = Assets.xcassets; sourceTree = "<group>"; };
		3A3BB3B62B4C65CE00622FC0 /* Preview Assets.xcassets */ = {isa = PBXFileReference; lastKnownFileType = folder.assetcatalog; path = "Preview Assets.xcassets"; sourceTree = "<group>"; };
		3A3BB3BE2B4C661000622FC0 /* Note.swift */ = {isa = PBXFileReference; lastKnownFileType = sourcecode.swift; path = Note.swift; sourceTree = "<group>"; };
		3A3BB3C12B4C684C00622FC0 /* ViewModel.swift */ = {isa = PBXFileReference; lastKnownFileType = sourcecode.swift; path = ViewModel.swift; sourceTree = "<group>"; };
		3A3BB3C32B4C805700622FC0 /* NoteDetail.swift */ = {isa = PBXFileReference; lastKnownFileType = sourcecode.swift; path = NoteDetail.swift; sourceTree = "<group>"; };
		3A3BB3C62B4C83C900622FC0 /* Extensions.swift */ = {isa = PBXFileReference; lastKnownFileType = sourcecode.swift; path = Extensions.swift; sourceTree = "<group>"; };
		3A643C482B4DDDA0003613B6 /* PreviewExtensions.swift */ = {isa = PBXFileReference; lastKnownFileType = sourcecode.swift; path = PreviewExtensions.swift; sourceTree = "<group>"; };
		3A643C4A2B4DDE55003613B6 /* ViewModelIntegrationTests.swift */ = {isa = PBXFileReference; lastKnownFileType = sourcecode.swift; path = ViewModelIntegrationTests.swift; sourceTree = "<group>"; };
		3AD372272B4DBF6200B7CCE9 /* CoreDataHelpers.swift */ = {isa = PBXFileReference; lastKnownFileType = sourcecode.swift; path = CoreDataHelpers.swift; sourceTree = "<group>"; };
		3AD372292B4DC12C00B7CCE9 /* DataBaseError.swift */ = {isa = PBXFileReference; lastKnownFileType = sourcecode.swift; path = DataBaseError.swift; sourceTree = "<group>"; };
		3AD3722B2B4DC62F00B7CCE9 /* NoteDataBase.swift */ = {isa = PBXFileReference; lastKnownFileType = sourcecode.swift; path = NoteDataBase.swift; sourceTree = "<group>"; };
		3AD3722E2B4DCAF000B7CCE9 /* CreateNoteUseCase.swift */ = {isa = PBXFileReference; lastKnownFileType = sourcecode.swift; path = CreateNoteUseCase.swift; sourceTree = "<group>"; };
		3AD372302B4DCCE400B7CCE9 /* FetchAllNotesUseCase.swift */ = {isa = PBXFileReference; lastKnownFileType = sourcecode.swift; path = FetchAllNotesUseCase.swift; sourceTree = "<group>"; };
/* End PBXFileReference section */

/* Begin PBXFrameworksBuildPhase section */
		3A08F5EA2B4D776400BBD4DD /* Frameworks */ = {
			isa = PBXFrameworksBuildPhase;
			buildActionMask = 2147483647;
			files = (
			);
			runOnlyForDeploymentPostprocessing = 0;
		};
		3A3BB3A92B4C65CC00622FC0 /* Frameworks */ = {
			isa = PBXFrameworksBuildPhase;
			buildActionMask = 2147483647;
			files = (
			);
			runOnlyForDeploymentPostprocessing = 0;
		};
/* End PBXFrameworksBuildPhase section */

/* Begin PBXGroup section */
		3A07F7AB2B4DB2020062CC42 /* Persistence */ = {
			isa = PBXGroup;
			children = (
				3AD3722D2B4DCAE300B7CCE9 /* UseCases */,
				3A07F7B22B4DB35E0062CC42 /* CoreData */,
				3A07F7B02B4DB2680062CC42 /* PersistenceProtocol.swift */,
				3A07F7AE2B4DB2550062CC42 /* UserDefaultsContainer.swift */,
			);
			name = Persistence;
			sourceTree = "<group>";
		};
		3A07F7B22B4DB35E0062CC42 /* CoreData */ = {
			isa = PBXGroup;
			children = (
				3AD372272B4DBF6200B7CCE9 /* CoreDataHelpers.swift */,
				3A07F7AC2B4DB2210062CC42 /* CoreDataContainer.swift */,
				3A07F7B32B4DB38E0062CC42 /* DogminderDataModel.xcdatamodeld */,
				3A07F7BA2B4DB8200062CC42 /* NoteEntityExtensions.swift */,
				3AD372292B4DC12C00B7CCE9 /* DataBaseError.swift */,
				3AD3722B2B4DC62F00B7CCE9 /* NoteDataBase.swift */,
			);
			name = CoreData;
			sourceTree = "<group>";
		};
		3A08F5E82B4D6DF800BBD4DD /* Views */ = {
			isa = PBXGroup;
			children = (
				3A3BB3C32B4C805700622FC0 /* NoteDetail.swift */,
				3A3BB3B12B4C65CC00622FC0 /* ContentView.swift */,
			);
			name = Views;
			sourceTree = "<group>";
		};
		3A08F5EE2B4D776400BBD4DD /* DogMinderTests */ = {
			isa = PBXGroup;
			children = (
				3A08F5EF2B4D776400BBD4DD /* NoteInitTests.swift */,
				3A08F5F62B4D7CF300BBD4DD /* ViewModelTests.swift */,
				3A07F7A92B4DA0650062CC42 /* Helpers.swift */,
				3A643C4A2B4DDE55003613B6 /* ViewModelIntegrationTests.swift */,
			);
			path = DogMinderTests;
			sourceTree = "<group>";
		};
		3A3BB3A32B4C65CC00622FC0 = {
			isa = PBXGroup;
			children = (
				3A3BB3AE2B4C65CC00622FC0 /* DogMinder */,
				3A08F5EE2B4D776400BBD4DD /* DogMinderTests */,
				3A3BB3AD2B4C65CC00622FC0 /* Products */,
			);
			sourceTree = "<group>";
		};
		3A3BB3AD2B4C65CC00622FC0 /* Products */ = {
			isa = PBXGroup;
			children = (
				3A3BB3AC2B4C65CC00622FC0 /* DogMinder.app */,
				3A08F5ED2B4D776400BBD4DD /* DogMinderTests.xctest */,
			);
			name = Products;
			sourceTree = "<group>";
		};
		3A3BB3AE2B4C65CC00622FC0 /* DogMinder */ = {
			isa = PBXGroup;
			children = (
				3A07F7AB2B4DB2020062CC42 /* Persistence */,
				3A08F5E82B4D6DF800BBD4DD /* Views */,
				3A3BB3C52B4C83BA00622FC0 /* Helpers */,
				3A3BB3C02B4C683900622FC0 /* Model */,
				3A3BB3AF2B4C65CC00622FC0 /* DogMinderApp.swift */,
				3A3BB3C12B4C684C00622FC0 /* ViewModel.swift */,
				3A3BB3B32B4C65CE00622FC0 /* Assets.xcassets */,
				3A3BB3B52B4C65CE00622FC0 /* Preview Content */,
			);
			path = DogMinder;
			sourceTree = "<group>";
		};
		3A3BB3B52B4C65CE00622FC0 /* Preview Content */ = {
			isa = PBXGroup;
			children = (
				3A3BB3B62B4C65CE00622FC0 /* Preview Assets.xcassets */,
				3A643C482B4DDDA0003613B6 /* PreviewExtensions.swift */,
			);
			path = "Preview Content";
			sourceTree = "<group>";
		};
		3A3BB3C02B4C683900622FC0 /* Model */ = {
			isa = PBXGroup;
			children = (
				3A3BB3BE2B4C661000622FC0 /* Note.swift */,
			);
			name = Model;
			sourceTree = "<group>";
		};
		3A3BB3C52B4C83BA00622FC0 /* Helpers */ = {
			isa = PBXGroup;
			children = (
				3A3BB3C62B4C83C900622FC0 /* Extensions.swift */,
			);
			name = Helpers;
			sourceTree = "<group>";
		};
		3AD3722D2B4DCAE300B7CCE9 /* UseCases */ = {
			isa = PBXGroup;
			children = (
				3AD3722E2B4DCAF000B7CCE9 /* CreateNoteUseCase.swift */,
				3AD372302B4DCCE400B7CCE9 /* FetchAllNotesUseCase.swift */,
			);
			name = "\U0010UseCases";
			sourceTree = "<group>";
		};
/* End PBXGroup section */

/* Begin PBXNativeTarget section */
		3A08F5EC2B4D776400BBD4DD /* DogMinderTests */ = {
			isa = PBXNativeTarget;
			buildConfigurationList = 3A08F5F32B4D776400BBD4DD /* Build configuration list for PBXNativeTarget "DogMinderTests" */;
			buildPhases = (
				3A08F5E92B4D776400BBD4DD /* Sources */,
				3A08F5EA2B4D776400BBD4DD /* Frameworks */,
				3A08F5EB2B4D776400BBD4DD /* Resources */,
			);
			buildRules = (
			);
			dependencies = (
				3A08F5F22B4D776400BBD4DD /* PBXTargetDependency */,
			);
			name = DogMinderTests;
			productName = DogMinderTests;
			productReference = 3A08F5ED2B4D776400BBD4DD /* DogMinderTests.xctest */;
			productType = "com.apple.product-type.bundle.unit-test";
		};
		3A3BB3AB2B4C65CC00622FC0 /* DogMinder */ = {
			isa = PBXNativeTarget;
			buildConfigurationList = 3A3BB3BA2B4C65CE00622FC0 /* Build configuration list for PBXNativeTarget "DogMinder" */;
			buildPhases = (
				3A3BB3A82B4C65CC00622FC0 /* Sources */,
				3A3BB3A92B4C65CC00622FC0 /* Frameworks */,
				3A3BB3AA2B4C65CC00622FC0 /* Resources */,
			);
			buildRules = (
			);
			dependencies = (
			);
			name = DogMinder;
			productName = DogMinder;
			productReference = 3A3BB3AC2B4C65CC00622FC0 /* DogMinder.app */;
			productType = "com.apple.product-type.application";
		};
/* End PBXNativeTarget section */

/* Begin PBXProject section */
		3A3BB3A42B4C65CC00622FC0 /* Project object */ = {
			isa = PBXProject;
			attributes = {
				BuildIndependentTargetsInParallel = 1;
				LastSwiftUpdateCheck = 1510;
				LastUpgradeCheck = 1510;
				TargetAttributes = {
					3A08F5EC2B4D776400BBD4DD = {
						CreatedOnToolsVersion = 15.1;
						TestTargetID = 3A3BB3AB2B4C65CC00622FC0;
					};
					3A3BB3AB2B4C65CC00622FC0 = {
						CreatedOnToolsVersion = 15.1;
					};
				};
			};
			buildConfigurationList = 3A3BB3A72B4C65CC00622FC0 /* Build configuration list for PBXProject "DogMinder" */;
			compatibilityVersion = "Xcode 14.0";
			developmentRegion = en;
			hasScannedForEncodings = 0;
			knownRegions = (
				en,
				Base,
			);
			mainGroup = 3A3BB3A32B4C65CC00622FC0;
			productRefGroup = 3A3BB3AD2B4C65CC00622FC0 /* Products */;
			projectDirPath = "";
			projectRoot = "";
			targets = (
				3A3BB3AB2B4C65CC00622FC0 /* DogMinder */,
				3A08F5EC2B4D776400BBD4DD /* DogMinderTests */,
			);
		};
/* End PBXProject section */

/* Begin PBXResourcesBuildPhase section */
		3A08F5EB2B4D776400BBD4DD /* Resources */ = {
			isa = PBXResourcesBuildPhase;
			buildActionMask = 2147483647;
			files = (
			);
			runOnlyForDeploymentPostprocessing = 0;
		};
		3A3BB3AA2B4C65CC00622FC0 /* Resources */ = {
			isa = PBXResourcesBuildPhase;
			buildActionMask = 2147483647;
			files = (
				3A3BB3B72B4C65CE00622FC0 /* Preview Assets.xcassets in Resources */,
				3A3BB3B42B4C65CE00622FC0 /* Assets.xcassets in Resources */,
			);
			runOnlyForDeploymentPostprocessing = 0;
		};
/* End PBXResourcesBuildPhase section */

/* Begin PBXSourcesBuildPhase section */
		3A08F5E92B4D776400BBD4DD /* Sources */ = {
			isa = PBXSourcesBuildPhase;
			buildActionMask = 2147483647;
			files = (
				3A08F5F72B4D7CF400BBD4DD /* ViewModelTests.swift in Sources */,
				3A643C4B2B4DDE55003613B6 /* ViewModelIntegrationTests.swift in Sources */,
				3A07F7AA2B4DA0650062CC42 /* Helpers.swift in Sources */,
				3A08F5F02B4D776400BBD4DD /* NoteInitTests.swift in Sources */,
			);
			runOnlyForDeploymentPostprocessing = 0;
		};
		3A3BB3A82B4C65CC00622FC0 /* Sources */ = {
			isa = PBXSourcesBuildPhase;
			buildActionMask = 2147483647;
			files = (
				3A07F7BB2B4DB8200062CC42 /* NoteEntityExtensions.swift in Sources */,
				3A07F7AF2B4DB2550062CC42 /* UserDefaultsContainer.swift in Sources */,
				3AD3722C2B4DC62F00B7CCE9 /* NoteDataBase.swift in Sources */,
				3A3BB3C42B4C805700622FC0 /* NoteDetail.swift in Sources */,
				3A643C492B4DDDA0003613B6 /* PreviewExtensions.swift in Sources */,
				3A07F7B12B4DB2680062CC42 /* PersistenceProtocol.swift in Sources */,
				3A3BB3C72B4C83C900622FC0 /* Extensions.swift in Sources */,
				3A3BB3BF2B4C661000622FC0 /* Note.swift in Sources */,
				3A07F7B52B4DB38E0062CC42 /* DogminderDataModel.xcdatamodeld in Sources */,
				3AD372282B4DBF6200B7CCE9 /* CoreDataHelpers.swift in Sources */,
				3A3BB3B22B4C65CC00622FC0 /* ContentView.swift in Sources */,
				3AD372312B4DCCE400B7CCE9 /* FetchAllNotesUseCase.swift in Sources */,
				3AD3722F2B4DCAF000B7CCE9 /* CreateNoteUseCase.swift in Sources */,
				3A07F7AD2B4DB2210062CC42 /* CoreDataContainer.swift in Sources */,
				3A3BB3C22B4C684C00622FC0 /* ViewModel.swift in Sources */,
				3AD3722A2B4DC12C00B7CCE9 /* DataBaseError.swift in Sources */,
				3A3BB3B02B4C65CC00622FC0 /* DogMinderApp.swift in Sources */,
			);
			runOnlyForDeploymentPostprocessing = 0;
		};
/* End PBXSourcesBuildPhase section */

/* Begin PBXTargetDependency section */
		3A08F5F22B4D776400BBD4DD /* PBXTargetDependency */ = {
			isa = PBXTargetDependency;
			target = 3A3BB3AB2B4C65CC00622FC0 /* DogMinder */;
			targetProxy = 3A08F5F12B4D776400BBD4DD /* PBXContainerItemProxy */;
		};
/* End PBXTargetDependency section */

/* Begin XCBuildConfiguration section */
		3A08F5F42B4D776400BBD4DD /* Debug */ = {
			isa = XCBuildConfiguration;
			buildSettings = {
				BUNDLE_LOADER = "$(TEST_HOST)";
				CODE_SIGN_STYLE = Automatic;
				CURRENT_PROJECT_VERSION = 1;
				DEVELOPMENT_TEAM = 6SPUJN2479;
				GENERATE_INFOPLIST_FILE = YES;
				MARKETING_VERSION = 1.0;
				PRODUCT_BUNDLE_IDENTIFIER = dev.adrianiraizos.DogMinderTests;
				PRODUCT_NAME = "$(TARGET_NAME)";
				SWIFT_EMIT_LOC_STRINGS = NO;
				SWIFT_VERSION = 5.0;
				TARGETED_DEVICE_FAMILY = "1,2";
				TEST_HOST = "$(BUILT_PRODUCTS_DIR)/DogMinder.app/$(BUNDLE_EXECUTABLE_FOLDER_PATH)/DogMinder";
			};
			name = Debug;
		};
		3A08F5F52B4D776400BBD4DD /* Release */ = {
			isa = XCBuildConfiguration;
			buildSettings = {
				BUNDLE_LOADER = "$(TEST_HOST)";
				CODE_SIGN_STYLE = Automatic;
				CURRENT_PROJECT_VERSION = 1;
				DEVELOPMENT_TEAM = 6SPUJN2479;
				GENERATE_INFOPLIST_FILE = YES;
				MARKETING_VERSION = 1.0;
				PRODUCT_BUNDLE_IDENTIFIER = dev.adrianiraizos.DogMinderTests;
				PRODUCT_NAME = "$(TARGET_NAME)";
				SWIFT_EMIT_LOC_STRINGS = NO;
				SWIFT_VERSION = 5.0;
				TARGETED_DEVICE_FAMILY = "1,2";
				TEST_HOST = "$(BUILT_PRODUCTS_DIR)/DogMinder.app/$(BUNDLE_EXECUTABLE_FOLDER_PATH)/DogMinder";
			};
			name = Release;
		};
		3A3BB3B82B4C65CE00622FC0 /* Debug */ = {
			isa = XCBuildConfiguration;
			buildSettings = {
				ALWAYS_SEARCH_USER_PATHS = NO;
				ASSETCATALOG_COMPILER_GENERATE_SWIFT_ASSET_SYMBOL_EXTENSIONS = YES;
				CLANG_ANALYZER_NONNULL = YES;
				CLANG_ANALYZER_NUMBER_OBJECT_CONVERSION = YES_AGGRESSIVE;
				CLANG_CXX_LANGUAGE_STANDARD = "gnu++20";
				CLANG_ENABLE_MODULES = YES;
				CLANG_ENABLE_OBJC_ARC = YES;
				CLANG_ENABLE_OBJC_WEAK = YES;
				CLANG_WARN_BLOCK_CAPTURE_AUTORELEASING = YES;
				CLANG_WARN_BOOL_CONVERSION = YES;
				CLANG_WARN_COMMA = YES;
				CLANG_WARN_CONSTANT_CONVERSION = YES;
				CLANG_WARN_DEPRECATED_OBJC_IMPLEMENTATIONS = YES;
				CLANG_WARN_DIRECT_OBJC_ISA_USAGE = YES_ERROR;
				CLANG_WARN_DOCUMENTATION_COMMENTS = YES;
				CLANG_WARN_EMPTY_BODY = YES;
				CLANG_WARN_ENUM_CONVERSION = YES;
				CLANG_WARN_INFINITE_RECURSION = YES;
				CLANG_WARN_INT_CONVERSION = YES;
				CLANG_WARN_NON_LITERAL_NULL_CONVERSION = YES;
				CLANG_WARN_OBJC_IMPLICIT_RETAIN_SELF = YES;
				CLANG_WARN_OBJC_LITERAL_CONVERSION = YES;
				CLANG_WARN_OBJC_ROOT_CLASS = YES_ERROR;
				CLANG_WARN_QUOTED_INCLUDE_IN_FRAMEWORK_HEADER = YES;
				CLANG_WARN_RANGE_LOOP_ANALYSIS = YES;
				CLANG_WARN_STRICT_PROTOTYPES = YES;
				CLANG_WARN_SUSPICIOUS_MOVE = YES;
				CLANG_WARN_UNGUARDED_AVAILABILITY = YES_AGGRESSIVE;
				CLANG_WARN_UNREACHABLE_CODE = YES;
				CLANG_WARN__DUPLICATE_METHOD_MATCH = YES;
				COPY_PHASE_STRIP = NO;
				DEBUG_INFORMATION_FORMAT = dwarf;
				ENABLE_STRICT_OBJC_MSGSEND = YES;
				ENABLE_TESTABILITY = YES;
				ENABLE_USER_SCRIPT_SANDBOXING = YES;
				GCC_C_LANGUAGE_STANDARD = gnu17;
				GCC_DYNAMIC_NO_PIC = NO;
				GCC_NO_COMMON_BLOCKS = YES;
				GCC_OPTIMIZATION_LEVEL = 0;
				GCC_PREPROCESSOR_DEFINITIONS = (
					"DEBUG=1",
					"$(inherited)",
				);
				GCC_WARN_64_TO_32_BIT_CONVERSION = YES;
				GCC_WARN_ABOUT_RETURN_TYPE = YES_ERROR;
				GCC_WARN_UNDECLARED_SELECTOR = YES;
				GCC_WARN_UNINITIALIZED_AUTOS = YES_AGGRESSIVE;
				GCC_WARN_UNUSED_FUNCTION = YES;
				GCC_WARN_UNUSED_VARIABLE = YES;
				IPHONEOS_DEPLOYMENT_TARGET = 17.2;
				LOCALIZATION_PREFERS_STRING_CATALOGS = YES;
				MTL_ENABLE_DEBUG_INFO = INCLUDE_SOURCE;
				MTL_FAST_MATH = YES;
				ONLY_ACTIVE_ARCH = YES;
				SDKROOT = iphoneos;
				SWIFT_ACTIVE_COMPILATION_CONDITIONS = "DEBUG $(inherited)";
				SWIFT_OPTIMIZATION_LEVEL = "-Onone";
			};
			name = Debug;
		};
		3A3BB3B92B4C65CE00622FC0 /* Release */ = {
			isa = XCBuildConfiguration;
			buildSettings = {
				ALWAYS_SEARCH_USER_PATHS = NO;
				ASSETCATALOG_COMPILER_GENERATE_SWIFT_ASSET_SYMBOL_EXTENSIONS = YES;
				CLANG_ANALYZER_NONNULL = YES;
				CLANG_ANALYZER_NUMBER_OBJECT_CONVERSION = YES_AGGRESSIVE;
				CLANG_CXX_LANGUAGE_STANDARD = "gnu++20";
				CLANG_ENABLE_MODULES = YES;
				CLANG_ENABLE_OBJC_ARC = YES;
				CLANG_ENABLE_OBJC_WEAK = YES;
				CLANG_WARN_BLOCK_CAPTURE_AUTORELEASING = YES;
				CLANG_WARN_BOOL_CONVERSION = YES;
				CLANG_WARN_COMMA = YES;
				CLANG_WARN_CONSTANT_CONVERSION = YES;
				CLANG_WARN_DEPRECATED_OBJC_IMPLEMENTATIONS = YES;
				CLANG_WARN_DIRECT_OBJC_ISA_USAGE = YES_ERROR;
				CLANG_WARN_DOCUMENTATION_COMMENTS = YES;
				CLANG_WARN_EMPTY_BODY = YES;
				CLANG_WARN_ENUM_CONVERSION = YES;
				CLANG_WARN_INFINITE_RECURSION = YES;
				CLANG_WARN_INT_CONVERSION = YES;
				CLANG_WARN_NON_LITERAL_NULL_CONVERSION = YES;
				CLANG_WARN_OBJC_IMPLICIT_RETAIN_SELF = YES;
				CLANG_WARN_OBJC_LITERAL_CONVERSION = YES;
				CLANG_WARN_OBJC_ROOT_CLASS = YES_ERROR;
				CLANG_WARN_QUOTED_INCLUDE_IN_FRAMEWORK_HEADER = YES;
				CLANG_WARN_RANGE_LOOP_ANALYSIS = YES;
				CLANG_WARN_STRICT_PROTOTYPES = YES;
				CLANG_WARN_SUSPICIOUS_MOVE = YES;
				CLANG_WARN_UNGUARDED_AVAILABILITY = YES_AGGRESSIVE;
				CLANG_WARN_UNREACHABLE_CODE = YES;
				CLANG_WARN__DUPLICATE_METHOD_MATCH = YES;
				COPY_PHASE_STRIP = NO;
				DEBUG_INFORMATION_FORMAT = "dwarf-with-dsym";
				ENABLE_NS_ASSERTIONS = NO;
				ENABLE_STRICT_OBJC_MSGSEND = YES;
				ENABLE_USER_SCRIPT_SANDBOXING = YES;
				GCC_C_LANGUAGE_STANDARD = gnu17;
				GCC_NO_COMMON_BLOCKS = YES;
				GCC_WARN_64_TO_32_BIT_CONVERSION = YES;
				GCC_WARN_ABOUT_RETURN_TYPE = YES_ERROR;
				GCC_WARN_UNDECLARED_SELECTOR = YES;
				GCC_WARN_UNINITIALIZED_AUTOS = YES_AGGRESSIVE;
				GCC_WARN_UNUSED_FUNCTION = YES;
				GCC_WARN_UNUSED_VARIABLE = YES;
				IPHONEOS_DEPLOYMENT_TARGET = 17.2;
				LOCALIZATION_PREFERS_STRING_CATALOGS = YES;
				MTL_ENABLE_DEBUG_INFO = NO;
				MTL_FAST_MATH = YES;
				SDKROOT = iphoneos;
				SWIFT_COMPILATION_MODE = wholemodule;
				VALIDATE_PRODUCT = YES;
			};
			name = Release;
		};
		3A3BB3BB2B4C65CE00622FC0 /* Debug */ = {
			isa = XCBuildConfiguration;
			buildSettings = {
				ASSETCATALOG_COMPILER_APPICON_NAME = AppIcon;
				ASSETCATALOG_COMPILER_GLOBAL_ACCENT_COLOR_NAME = AccentColor;
				CODE_SIGN_STYLE = Automatic;
				CURRENT_PROJECT_VERSION = 1;
				DEVELOPMENT_ASSET_PATHS = "\"DogMinder/Preview Content\"";
				DEVELOPMENT_TEAM = 6SPUJN2479;
				ENABLE_PREVIEWS = YES;
				GENERATE_INFOPLIST_FILE = YES;
				INFOPLIST_KEY_UIApplicationSceneManifest_Generation = YES;
				INFOPLIST_KEY_UIApplicationSupportsIndirectInputEvents = YES;
				INFOPLIST_KEY_UILaunchScreen_Generation = YES;
				INFOPLIST_KEY_UISupportedInterfaceOrientations_iPad = "UIInterfaceOrientationPortrait UIInterfaceOrientationPortraitUpsideDown UIInterfaceOrientationLandscapeLeft UIInterfaceOrientationLandscapeRight";
				INFOPLIST_KEY_UISupportedInterfaceOrientations_iPhone = "UIInterfaceOrientationPortrait UIInterfaceOrientationLandscapeLeft UIInterfaceOrientationLandscapeRight";
				LD_RUNPATH_SEARCH_PATHS = (
					"$(inherited)",
					"@executable_path/Frameworks",
				);
				MARKETING_VERSION = 1.0;
				PRODUCT_BUNDLE_IDENTIFIER = dev.adrianiraizos.DogMinder;
				PRODUCT_NAME = "$(TARGET_NAME)";
				SWIFT_EMIT_LOC_STRINGS = YES;
				SWIFT_VERSION = 5.0;
				TARGETED_DEVICE_FAMILY = "1,2";
			};
			name = Debug;
		};
		3A3BB3BC2B4C65CE00622FC0 /* Release */ = {
			isa = XCBuildConfiguration;
			buildSettings = {
				ASSETCATALOG_COMPILER_APPICON_NAME = AppIcon;
				ASSETCATALOG_COMPILER_GLOBAL_ACCENT_COLOR_NAME = AccentColor;
				CODE_SIGN_STYLE = Automatic;
				CURRENT_PROJECT_VERSION = 1;
				DEVELOPMENT_ASSET_PATHS = "\"DogMinder/Preview Content\"";
				DEVELOPMENT_TEAM = 6SPUJN2479;
				ENABLE_PREVIEWS = YES;
				GENERATE_INFOPLIST_FILE = YES;
				INFOPLIST_KEY_UIApplicationSceneManifest_Generation = YES;
				INFOPLIST_KEY_UIApplicationSupportsIndirectInputEvents = YES;
				INFOPLIST_KEY_UILaunchScreen_Generation = YES;
				INFOPLIST_KEY_UISupportedInterfaceOrientations_iPad = "UIInterfaceOrientationPortrait UIInterfaceOrientationPortraitUpsideDown UIInterfaceOrientationLandscapeLeft UIInterfaceOrientationLandscapeRight";
				INFOPLIST_KEY_UISupportedInterfaceOrientations_iPhone = "UIInterfaceOrientationPortrait UIInterfaceOrientationLandscapeLeft UIInterfaceOrientationLandscapeRight";
				LD_RUNPATH_SEARCH_PATHS = (
					"$(inherited)",
					"@executable_path/Frameworks",
				);
				MARKETING_VERSION = 1.0;
				PRODUCT_BUNDLE_IDENTIFIER = dev.adrianiraizos.DogMinder;
				PRODUCT_NAME = "$(TARGET_NAME)";
				SWIFT_EMIT_LOC_STRINGS = YES;
				SWIFT_VERSION = 5.0;
				TARGETED_DEVICE_FAMILY = "1,2";
			};
			name = Release;
		};
/* End XCBuildConfiguration section */

/* Begin XCConfigurationList section */
		3A08F5F32B4D776400BBD4DD /* Build configuration list for PBXNativeTarget "DogMinderTests" */ = {
			isa = XCConfigurationList;
			buildConfigurations = (
				3A08F5F42B4D776400BBD4DD /* Debug */,
				3A08F5F52B4D776400BBD4DD /* Release */,
			);
			defaultConfigurationIsVisible = 0;
			defaultConfigurationName = Release;
		};
		3A3BB3A72B4C65CC00622FC0 /* Build configuration list for PBXProject "DogMinder" */ = {
			isa = XCConfigurationList;
			buildConfigurations = (
				3A3BB3B82B4C65CE00622FC0 /* Debug */,
				3A3BB3B92B4C65CE00622FC0 /* Release */,
			);
			defaultConfigurationIsVisible = 0;
			defaultConfigurationName = Release;
		};
		3A3BB3BA2B4C65CE00622FC0 /* Build configuration list for PBXNativeTarget "DogMinder" */ = {
			isa = XCConfigurationList;
			buildConfigurations = (
				3A3BB3BB2B4C65CE00622FC0 /* Debug */,
				3A3BB3BC2B4C65CE00622FC0 /* Release */,
			);
			defaultConfigurationIsVisible = 0;
			defaultConfigurationName = Release;
		};
/* End XCConfigurationList section */

/* Begin XCVersionGroup section */
		3A07F7B32B4DB38E0062CC42 /* DogminderDataModel.xcdatamodeld */ = {
			isa = XCVersionGroup;
			children = (
				3A07F7B42B4DB38E0062CC42 /* DogminderDataModel.xcdatamodel */,
			);
			currentVersion = 3A07F7B42B4DB38E0062CC42 /* DogminderDataModel.xcdatamodel */;
			path = DogminderDataModel.xcdatamodeld;
			sourceTree = "<group>";
			versionGroupType = wrapper.xcdatamodel;
		};
/* End XCVersionGroup section */
	};
	rootObject = 3A3BB3A42B4C65CC00622FC0 /* Project object */;
}
